<?xml version="1.0" encoding="utf-8"?>
<Project ToolsVersion="4.0" xmlns="http://schemas.microsoft.com/developer/msbuild/2003">
  <ItemGroup>
    <ClInclude Include="framework.h">
      <Filter>Default</Filter>
    </ClInclude>
    <ClInclude Include="pch.h">
      <Filter>Default</Filter>
    </ClInclude>
    <ClInclude Include="CScriptMgr.h">
      <Filter>ScriptMgr</Filter>
    </ClInclude>
    <ClInclude Include="CCameraMoveScript.h">
      <Filter>Scripts\CameraMove</Filter>
    </ClInclude>
    <ClInclude Include="CLevelChangeScript.h">
      <Filter>Scripts\LevelChange</Filter>
    </ClInclude>
    <ClInclude Include="CPlayerScript.h">
      <Filter>Scripts\Player</Filter>
    </ClInclude>
    <ClInclude Include="CButtonScript.h">
      <Filter>Scripts\Button</Filter>
    </ClInclude>
    <ClInclude Include="CPlayButtonScript.h">
      <Filter>Scripts\Button\PlayButton</Filter>
    </ClInclude>
    <ClInclude Include="define.h">
      <Filter>Header</Filter>
    </ClInclude>
    <ClInclude Include="CPlayerCameraScript.h">
      <Filter>Scripts\Player</Filter>
    </ClInclude>
  </ItemGroup>
  <ItemGroup>
    <ClCompile Include="pch.cpp">
      <Filter>Default</Filter>
    </ClCompile>
    <ClCompile Include="Scripts.cpp">
      <Filter>Default</Filter>
    </ClCompile>
    <ClCompile Include="CScriptMgr.cpp">
      <Filter>ScriptMgr</Filter>
    </ClCompile>
    <ClCompile Include="CCameraMoveScript.cpp">
      <Filter>Scripts\CameraMove</Filter>
    </ClCompile>
    <ClCompile Include="CLevelChangeScript.cpp">
      <Filter>Scripts\LevelChange</Filter>
    </ClCompile>
    <ClCompile Include="CPlayerScript.cpp">
      <Filter>Scripts\Player</Filter>
    </ClCompile>
    <ClCompile Include="CButtonScript.cpp">
      <Filter>Scripts\Button</Filter>
    </ClCompile>
    <ClCompile Include="CPlayButtonScript.cpp">
      <Filter>Scripts\Button\PlayButton</Filter>
    </ClCompile>
    <ClCompile Include="CPlayerCameraScript.cpp">
      <Filter>Scripts\Player</Filter>
    </ClCompile>
  </ItemGroup>
  <ItemGroup>
    <Filter Include="Default">
      <UniqueIdentifier>{bf8b5893-c5d5-40d9-881c-b96caad131d2}</UniqueIdentifier>
    </Filter>
    <Filter Include="Scripts">
      <UniqueIdentifier>{dd8ce5b2-b3fe-4dcc-b49a-2d791733985e}</UniqueIdentifier>
    </Filter>
    <Filter Include="ScriptMgr">
      <UniqueIdentifier>{3da6e160-003c-4b09-9433-80140ad4fa61}</UniqueIdentifier>
    </Filter>
    <Filter Include="Scripts\CameraMove">
      <UniqueIdentifier>{624e92b2-eef9-499c-b658-6b93bdad80ef}</UniqueIdentifier>
    </Filter>
    <Filter Include="Scripts\Player">
      <UniqueIdentifier>{37678489-240c-4f73-ac0b-5963570baa58}</UniqueIdentifier>
    </Filter>
    <Filter Include="Scripts\LevelChange">
      <UniqueIdentifier>{4785b723-0f24-41ba-bc4a-477c1053982c}</UniqueIdentifier>
    </Filter>
    <Filter Include="Scripts\Button">
      <UniqueIdentifier>{f7a4894b-9030-413f-b41a-ef0fea062f02}</UniqueIdentifier>
    </Filter>
    <Filter Include="Scripts\Button\PlayButton">
      <UniqueIdentifier>{73404372-d392-4eb9-b27d-9bddd8fa3502}</UniqueIdentifier>
    </Filter>
    <Filter Include="Header">
      <UniqueIdentifier>{c2a22188-4ce0-47f7-9f8e-01d22372aefe}</UniqueIdentifier>
    </Filter>
  </ItemGroup>
</Project>