<?xml version="1.0" encoding="utf-8"?>
<Project ToolsVersion="4.0" xmlns="http://schemas.microsoft.com/developer/msbuild/2003">
  <ItemGroup>
    <ClInclude Include="framework.h">
      <Filter>Default</Filter>
    </ClInclude>
    <ClInclude Include="pch.h">
      <Filter>Default</Filter>
    </ClInclude>
    <ClInclude Include="CCameraMoveScript.h">
      <Filter>Scripts\CameraMove</Filter>
    </ClInclude>
    <ClInclude Include="define.h">
      <Filter>Header</Filter>
    </ClInclude>
    <ClInclude Include="CScriptMgr.h">
      <Filter>ScriptMgr</Filter>
    </ClInclude>
    <ClInclude Include="CFSMScript.h">
      <Filter>Module\FSM</Filter>
    </ClInclude>
    <ClInclude Include="CState.h">
      <Filter>Module\FSM\State</Filter>
    </ClInclude>
    <ClInclude Include="CTestForward.h">
      <Filter>State\FSMTest</Filter>
    </ClInclude>
    <ClInclude Include="CTestLeft.h">
      <Filter>State\FSMTest</Filter>
    </ClInclude>
    <ClInclude Include="CTestRight.h">
      <Filter>State\FSMTest</Filter>
    </ClInclude>
    <ClInclude Include="CTestIdle.h">
      <Filter>State\FSMTest</Filter>
    </ClInclude>
    <ClInclude Include="CKirbyAbility.h">
      <Filter>Module\StateGroup\KirbyAbility</Filter>
    </ClInclude>
    <ClInclude Include="CKirbyFSM.h">
      <Filter>Scripts\FSM\KirbyFSM</Filter>
    </ClInclude>
    <ClInclude Include="CKirbyMoveController.h">
      <Filter>Scripts\MoveController</Filter>
    </ClInclude>
    <ClInclude Include="CAnimationTestScript.h">
      <Filter>Scripts</Filter>
    </ClInclude>
    <ClInclude Include="CModelEditorCameraMoveScript.h">
      <Filter>Scripts\CameraMove</Filter>
    </ClInclude>
    <ClInclude Include="CKirbyObject.h">
      <Filter>Module\StateGroup\KirbyObject</Filter>
    </ClInclude>
    <ClInclude Include="CKirbyAbility_Normal.h">
      <Filter>State\KirbyAbility\Normal</Filter>
    </ClInclude>
    <ClInclude Include="CKirbyRun.h">
      <Filter>State\KirbyState\Run</Filter>
    </ClInclude>
    <ClInclude Include="CKirbyAttack.h">
      <Filter>State\KirbyState\Attack</Filter>
    </ClInclude>
    <ClInclude Include="CKirbyIdle.h">
      <Filter>State\KirbyState\Idle</Filter>
    </ClInclude>
    <ClInclude Include="CPlayerMgr.h">
      <Filter>Scripts\PlayerManager</Filter>
    </ClInclude>
    <ClInclude Include="CKirbyBulletScript.h">
      <Filter>Scripts\KirbyBullet</Filter>
    </ClInclude>
    <ClInclude Include="CUnitScript.h">
      <Filter>Module\Unit</Filter>
    </ClInclude>
    <ClInclude Include="CTestFSM.h">
      <Filter>Scripts\FSM\TestFSM</Filter>
    </ClInclude>
    <ClInclude Include="CKirbyScript.h">
      <Filter>Scripts\Kirby</Filter>
    </ClInclude>
    <ClInclude Include="CKirbyChangeAbility.h">
      <Filter>State\KirbyState\ChangeAbility</Filter>
    </ClInclude>
    <ClInclude Include="CKirbyAttackCharge1.h">
      <Filter>State\KirbyState\AttackCharge1</Filter>
    </ClInclude>
    <ClInclude Include="CKirbyRunStart.h">
      <Filter>State\KirbyState\Run\Run_Start</Filter>
    </ClInclude>
    <ClInclude Include="CSpringArmCameraScript.h">
      <Filter>Scripts\SpringArm</Filter>
    </ClInclude>
    <ClInclude Include="CButtonScript.h">
      <Filter>Scripts\UI\Button</Filter>
    </ClInclude>
    <ClInclude Include="CUIManagerScript.h">
      <Filter>Scripts\UI\UIManager</Filter>
    </ClInclude>
    <ClInclude Include="CButtonManagerScript.h">
      <Filter>Scripts\UI\UIManager\ButtonManager</Filter>
    </ClInclude>
    <ClInclude Include="CKirbyAttackCharge1Start.h">
      <Filter>State\KirbyState\AttackCharge1\AttackCharge1Start</Filter>
    </ClInclude>
    <ClInclude Include="CKirbyAttackCharge1End.h">
      <Filter>State\KirbyState\AttackCharge1\AttackCharge1End</Filter>
    </ClInclude>
    <ClInclude Include="CKirbyStuffed.h">
      <Filter>State\KirbyState\Stuffed</Filter>
    </ClInclude>
    <ClInclude Include="CKirbyJump.h">
      <Filter>State\KirbyState\Jump</Filter>
    </ClInclude>
    <ClInclude Include="CKirbyAttackCharge2.h">
      <Filter>State\KirbyState\AttackCharge2</Filter>
    </ClInclude>
  </ItemGroup>
  <ItemGroup>
    <ClCompile Include="pch.cpp">
      <Filter>Default</Filter>
    </ClCompile>
    <ClCompile Include="Scripts.cpp">
      <Filter>Default</Filter>
    </ClCompile>
    <ClCompile Include="CCameraMoveScript.cpp">
      <Filter>Scripts\CameraMove</Filter>
    </ClCompile>
    <ClCompile Include="CScriptMgr.cpp">
      <Filter>ScriptMgr</Filter>
    </ClCompile>
    <ClCompile Include="CFSMScript.cpp">
      <Filter>Module\FSM</Filter>
    </ClCompile>
    <ClCompile Include="CState.cpp">
      <Filter>Module\FSM\State</Filter>
    </ClCompile>
    <ClCompile Include="CTestForward.cpp">
      <Filter>State\FSMTest</Filter>
    </ClCompile>
    <ClCompile Include="CTestLeft.cpp">
      <Filter>State\FSMTest</Filter>
    </ClCompile>
    <ClCompile Include="CTestRight.cpp">
      <Filter>State\FSMTest</Filter>
    </ClCompile>
    <ClCompile Include="CTestIdle.cpp">
      <Filter>State\FSMTest</Filter>
    </ClCompile>
    <ClCompile Include="CUnitScript.cpp">
      <Filter>Module\Unit</Filter>
    </ClCompile>
    <ClCompile Include="CKirbyAbility.cpp">
      <Filter>Module\StateGroup\KirbyAbility</Filter>
    </ClCompile>
    <ClCompile Include="CKirbyFSM.cpp">
      <Filter>Scripts\FSM\KirbyFSM</Filter>
    </ClCompile>
    <ClCompile Include="CKirbyMoveController.cpp">
      <Filter>Scripts\MoveController</Filter>
    </ClCompile>
    <ClCompile Include="CAnimationTestScript.cpp">
      <Filter>Scripts</Filter>
    </ClCompile>
    <ClCompile Include="CKirbyObject.cpp">
      <Filter>Module\StateGroup\KirbyObject</Filter>
    </ClCompile>
    <ClCompile Include="CKirbyAbility_Normal.cpp">
      <Filter>State\KirbyAbility\Normal</Filter>
    </ClCompile>
    <ClCompile Include="CKirbyRun.cpp">
      <Filter>State\KirbyState\Run</Filter>
    </ClCompile>
    <ClCompile Include="CKirbyAttack.cpp">
      <Filter>State\KirbyState\Attack</Filter>
    </ClCompile>
    <ClCompile Include="CKirbyIdle.cpp">
      <Filter>State\KirbyState\Idle</Filter>
    </ClCompile>
    <ClCompile Include="CPlayerMgr.cpp">
      <Filter>Scripts\PlayerManager</Filter>
    </ClCompile>
    <ClCompile Include="CKirbyBulletScript.cpp">
      <Filter>Scripts\KirbyBullet</Filter>
    </ClCompile>
    <ClCompile Include="CTestFSM.cpp">
      <Filter>Scripts\FSM\TestFSM</Filter>
    </ClCompile>
    <ClCompile Include="CKirbyScript.cpp">
      <Filter>Scripts\Kirby</Filter>
    </ClCompile>
    <ClCompile Include="CKirbyChangeAbility.cpp">
      <Filter>State\KirbyState\ChangeAbility</Filter>
    </ClCompile>
    <ClCompile Include="CKirbyAttackCharge1.cpp">
      <Filter>State\KirbyState\AttackCharge1</Filter>
    </ClCompile>
    <ClCompile Include="CKirbyRunStart.cpp">
      <Filter>State\KirbyState\Run\Run_Start</Filter>
    </ClCompile>
    <ClCompile Include="CUIManagerScript.cpp">
      <Filter>Scripts\UI\UIManager</Filter>
    </ClCompile>
    <ClCompile Include="CSpringArmCameraScript.cpp">
      <Filter>Scripts\SpringArm</Filter>
    </ClCompile>
    <ClCompile Include="CButtonScript.cpp">
      <Filter>Scripts\UI\Button</Filter>
    </ClCompile>
    <ClCompile Include="CButtonManagerScript.cpp">
      <Filter>Scripts\UI\UIManager\ButtonManager</Filter>
    </ClCompile>
    <ClCompile Include="CSpringArmCameraScript.cpp">
      <Filter>Scripts\SpringArm</Filter>
    </ClCompile>
    <ClCompile Include="CModelEditorCameraMoveScript.cpp">
      <Filter>Scripts\CameraMove</Filter>
    </ClCompile>
    <ClCompile Include="CButtonScript.cpp">
      <Filter>Scripts\UI\Button</Filter>
    </ClCompile>
    <ClCompile Include="CUIManagerScript.cpp">
      <Filter>Scripts\UI\UIManager</Filter>
    </ClCompile>
    <ClCompile Include="CButtonManagerScript.cpp">
      <Filter>Scripts\UI\UIManager\ButtonManager</Filter>
    </ClCompile>
    <ClCompile Include="CModelEditorCameraMoveScript.cpp">
      <Filter>Scripts\CameraMove</Filter>
    </ClCompile>
    <ClCompile Include="CKirbyAttackCharge1Start.cpp">
      <Filter>State\KirbyState\AttackCharge1\AttackCharge1Start</Filter>
    </ClCompile>
    <ClCompile Include="CKirbyAttackCharge1End.cpp">
      <Filter>State\KirbyState\AttackCharge1\AttackCharge1End</Filter>
    </ClCompile>
    <ClCompile Include="CKirbyStuffed.cpp">
      <Filter>State\KirbyState\Stuffed</Filter>
    </ClCompile>
    <ClCompile Include="CKirbyJump.cpp">
      <Filter>State\KirbyState\Jump</Filter>
    </ClCompile>
    <ClCompile Include="CKirbyAttackCharge2.cpp">
      <Filter>State\KirbyState\AttackCharge2</Filter>
    </ClCompile>
  </ItemGroup>
  <ItemGroup>
    <Filter Include="Default">
      <UniqueIdentifier>{bf8b5893-c5d5-40d9-881c-b96caad131d2}</UniqueIdentifier>
    </Filter>
    <Filter Include="Scripts">
      <UniqueIdentifier>{dd8ce5b2-b3fe-4dcc-b49a-2d791733985e}</UniqueIdentifier>
    </Filter>
    <Filter Include="ScriptMgr">
      <UniqueIdentifier>{3da6e160-003c-4b09-9433-80140ad4fa61}</UniqueIdentifier>
    </Filter>
    <Filter Include="Scripts\CameraMove">
      <UniqueIdentifier>{624e92b2-eef9-499c-b658-6b93bdad80ef}</UniqueIdentifier>
    </Filter>
    <Filter Include="Header">
      <UniqueIdentifier>{c2a22188-4ce0-47f7-9f8e-01d22372aefe}</UniqueIdentifier>
    </Filter>
    <Filter Include="Scripts\FSM">
      <UniqueIdentifier>{dd9ede4a-0dc6-41ec-8eeb-0b3eead1c9e7}</UniqueIdentifier>
    </Filter>
    <Filter Include="State">
      <UniqueIdentifier>{1310388c-732a-4e84-a34c-61ad55000c4e}</UniqueIdentifier>
    </Filter>
    <Filter Include="State\FSMTest">
      <UniqueIdentifier>{47e22545-89ca-424c-9f3c-34d22adcbb7b}</UniqueIdentifier>
    </Filter>
    <Filter Include="Module">
      <UniqueIdentifier>{635d33ed-e298-45b4-b149-3157f7ddd657}</UniqueIdentifier>
    </Filter>
    <Filter Include="State\KirbyState">
      <UniqueIdentifier>{7a639449-d85a-420c-9cd2-ddbb6b51f352}</UniqueIdentifier>
    </Filter>
    <Filter Include="Module\FSM">
      <UniqueIdentifier>{49752795-61fd-4535-b079-696b576ba6c9}</UniqueIdentifier>
    </Filter>
    <Filter Include="Module\FSM\State">
      <UniqueIdentifier>{91c88dbd-b34e-4c0c-b822-7dc479e24bb7}</UniqueIdentifier>
    </Filter>
    <Filter Include="Scripts\FSM\KirbyFSM">
      <UniqueIdentifier>{7f2e3799-33fb-41ed-800b-ea950d353744}</UniqueIdentifier>
    </Filter>
    <Filter Include="Scripts\MoveController">
      <UniqueIdentifier>{27405790-5a64-4418-891c-3f26add3e9f2}</UniqueIdentifier>
    </Filter>
    <Filter Include="Module\Unit">
      <UniqueIdentifier>{ebad3036-12bc-48c3-bcba-b17801742ef1}</UniqueIdentifier>
    </Filter>
    <Filter Include="Module\StateGroup">
      <UniqueIdentifier>{b27fa8f3-8d75-490f-b445-55f878f3fd4b}</UniqueIdentifier>
    </Filter>
    <Filter Include="Module\StateGroup\KirbyAbility">
      <UniqueIdentifier>{d69c96af-566c-468a-9293-30bfaed70441}</UniqueIdentifier>
    </Filter>
    <Filter Include="Module\StateGroup\KirbyObject">
      <UniqueIdentifier>{89bdfd22-2940-44ec-ba4f-fd2331d65f6e}</UniqueIdentifier>
    </Filter>
    <Filter Include="State\KirbyState\Run">
      <UniqueIdentifier>{4415bcfb-c85a-483a-a065-927946cd7c95}</UniqueIdentifier>
    </Filter>
    <Filter Include="State\KirbyState\Attack">
      <UniqueIdentifier>{51d2c4a6-2f8c-4e64-9c25-9e0225979547}</UniqueIdentifier>
    </Filter>
    <Filter Include="State\KirbyState\Idle">
      <UniqueIdentifier>{fe639bd6-4d24-46d6-b624-3c5a9c03ca37}</UniqueIdentifier>
    </Filter>
    <Filter Include="State\KirbyAbility">
      <UniqueIdentifier>{5ee9a637-ce71-449c-a785-19f23f6c845d}</UniqueIdentifier>
    </Filter>
    <Filter Include="State\KirbyAbility\Normal">
      <UniqueIdentifier>{480a404a-5c6d-40dd-b81c-b2deda831a21}</UniqueIdentifier>
    </Filter>
    <Filter Include="Scripts\PlayerManager">
      <UniqueIdentifier>{6cdc35c1-ba7c-4d69-bb31-8616c785861a}</UniqueIdentifier>
    </Filter>
    <Filter Include="Scripts\KirbyBullet">
      <UniqueIdentifier>{e7733917-0ffd-4dee-b078-d17213862822}</UniqueIdentifier>
    </Filter>
    <Filter Include="Scripts\FSM\TestFSM">
      <UniqueIdentifier>{59566cef-a444-4bd8-84b6-385db5b09b4c}</UniqueIdentifier>
    </Filter>
    <Filter Include="Scripts\Kirby">
      <UniqueIdentifier>{cba6baff-ce74-4825-8cfd-92a0752da116}</UniqueIdentifier>
    </Filter>
    <Filter Include="State\KirbyState\ChangeAbility">
      <UniqueIdentifier>{f27176a3-376c-41e5-ac72-c9de985af8a0}</UniqueIdentifier>
    </Filter>
    <Filter Include="State\KirbyState\ChangeObject">
      <UniqueIdentifier>{9fe1c146-5378-4a9e-bb27-a28009aa8917}</UniqueIdentifier>
    </Filter>
    <Filter Include="Scripts\SpringArm">
      <UniqueIdentifier>{ed0fe73b-a25f-4112-ab6a-c74dab2df3bc}</UniqueIdentifier>
    </Filter>
    <Filter Include="Scripts\UI">
      <UniqueIdentifier>{5bda8db1-e356-4978-91e4-9f56bcf299ab}</UniqueIdentifier>
    </Filter>
    <Filter Include="Scripts\UI\UIManager">
      <UniqueIdentifier>{6b3c5070-7a6c-418e-96aa-68444b73f6a3}</UniqueIdentifier>
    </Filter>
    <Filter Include="Scripts\UI\Button">
      <UniqueIdentifier>{09073fd3-e471-4b9e-889f-7b1e566b3325}</UniqueIdentifier>
    </Filter>
    <Filter Include="Scripts\UI\UIManager\ButtonManager">
      <UniqueIdentifier>{455669fa-563b-415d-a29b-da54b92e128b}</UniqueIdentifier>
    </Filter>
    <Filter Include="State\KirbyState\Run\Run_Start">
      <UniqueIdentifier>{a5fd454a-a8e5-4340-b372-62c98064edae}</UniqueIdentifier>
    </Filter>
    <Filter Include="State\KirbyState\AttackCharge1">
      <UniqueIdentifier>{175ddc01-87b9-4551-acf1-a887e0430088}</UniqueIdentifier>
    </Filter>
    <Filter Include="State\KirbyState\AttackCharge1\AttackCharge1Start">
      <UniqueIdentifier>{4e2342c8-6941-460f-9b13-d237776619c5}</UniqueIdentifier>
    </Filter>
    <Filter Include="State\KirbyState\AttackCharge1\AttackCharge1End">
      <UniqueIdentifier>{cfa9607b-488d-49fa-898a-6ae9955bb2f9}</UniqueIdentifier>
    </Filter>
    <Filter Include="State\KirbyState\Stuffed">
      <UniqueIdentifier>{418f91bb-a833-49f6-9854-c4e49b6b8679}</UniqueIdentifier>
    </Filter>
    <Filter Include="State\KirbyState\Jump">
      <UniqueIdentifier>{138ced5b-d9d1-4858-89c0-e6aa39b6dc6a}</UniqueIdentifier>
    </Filter>
    <Filter Include="State\KirbyState\AttackCharge2">
      <UniqueIdentifier>{2d59ad2d-3945-4870-a275-9ea9ea60a051}</UniqueIdentifier>
    </Filter>
  </ItemGroup>
</Project>