<?xml version="1.0" encoding="utf-8"?>
<Project ToolsVersion="4.0" xmlns="http://schemas.microsoft.com/developer/msbuild/2003">
  <ItemGroup>
    <ClInclude Include="pch.h">
      <Filter>Default</Filter>
    </ClInclude>
    <ClInclude Include="framework.h">
      <Filter>Default</Filter>
    </ClInclude>
    <ClInclude Include="define.h">
      <Filter>01. Header</Filter>
    </ClInclude>
    <ClInclude Include="global.h">
      <Filter>01. Header</Filter>
    </ClInclude>
    <ClInclude Include="struct.h">
      <Filter>01. Header</Filter>
    </ClInclude>
    <ClInclude Include="singleton.h">
      <Filter>01. Header</Filter>
    </ClInclude>
    <ClInclude Include="CEngine.h">
      <Filter>02. Engine</Filter>
    </ClInclude>
    <ClInclude Include="CDevice.h">
      <Filter>03. Device</Filter>
    </ClInclude>
    <ClInclude Include="CEntity.h">
      <Filter>Entity</Filter>
    </ClInclude>
    <ClInclude Include="SimpleMath.h">
      <Filter>Module</Filter>
    </ClInclude>
    <ClInclude Include="CLevel.h">
      <Filter>05. Level</Filter>
    </ClInclude>
    <ClInclude Include="CKeyMgr.h">
      <Filter>04. Manager\KeyMgr</Filter>
    </ClInclude>
    <ClInclude Include="CPathMgr.h">
      <Filter>04. Manager\PathMgr</Filter>
    </ClInclude>
    <ClInclude Include="CTimeMgr.h">
      <Filter>04. Manager\TimeMgr</Filter>
    </ClInclude>
    <ClInclude Include="CAsset.h">
      <Filter>06. Asset</Filter>
    </ClInclude>
    <ClInclude Include="CMesh.h">
      <Filter>06. Asset\Mesh</Filter>
    </ClInclude>
    <ClInclude Include="CShader.h">
      <Filter>06. Asset\Shader</Filter>
    </ClInclude>
    <ClInclude Include="CGraphicsShader.h">
      <Filter>06. Asset\Shader\GraphicsShader</Filter>
    </ClInclude>
    <ClInclude Include="CComponent.h">
      <Filter>08. Component</Filter>
    </ClInclude>
    <ClInclude Include="CGameObject.h">
      <Filter>07. GameObject</Filter>
    </ClInclude>
    <ClInclude Include="CTransform.h">
      <Filter>08. Component\01. Transform</Filter>
    </ClInclude>
    <ClInclude Include="func.h">
      <Filter>01. Header</Filter>
    </ClInclude>
    <ClInclude Include="CConstBuffer.h">
      <Filter>03. Device\ConstBuffer</Filter>
    </ClInclude>
    <ClInclude Include="CRenderComponent.h">
      <Filter>08. Component\RenderComponent</Filter>
    </ClInclude>
    <ClInclude Include="CMeshRender.h">
      <Filter>08. Component\RenderComponent\01. MeshRender</Filter>
    </ClInclude>
    <ClInclude Include="CAssetMgr.h">
      <Filter>04. Manager\AssetMgr</Filter>
    </ClInclude>
    <ClInclude Include="components.h">
      <Filter>01. Header</Filter>
    </ClInclude>
    <ClInclude Include="CScript.h">
      <Filter>08. Component\Script</Filter>
    </ClInclude>
    <ClInclude Include="CCamera.h">
      <Filter>08. Component\09. Camera</Filter>
    </ClInclude>
    <ClInclude Include="CPlayerScript.h">
      <Filter>Scripts</Filter>
    </ClInclude>
    <ClInclude Include="CLevelMgr.h">
      <Filter>04. Manager\LevelMgr</Filter>
    </ClInclude>
    <ClInclude Include="CLayer.h">
      <Filter>05. Level</Filter>
    </ClInclude>
    <ClInclude Include="CCameraMoveScript.h">
      <Filter>Scripts</Filter>
    </ClInclude>
    <ClInclude Include="CEditorMgr.h">
      <Filter>04. Manager\EditorMgr</Filter>
    </ClInclude>
    <ClInclude Include="CEditor.h">
      <Filter>20. Editor</Filter>
    </ClInclude>
    <ClInclude Include="CLevelEditor.h">
      <Filter>20. Editor\LevelEditor</Filter>
    </ClInclude>
    <ClInclude Include="CTaskMgr.h">
      <Filter>04. Manager\TaskMgr</Filter>
    </ClInclude>
    <ClInclude Include="CTexture.h">
      <Filter>06. Asset\Texture</Filter>
    </ClInclude>
    <ClInclude Include="COutliner.h">
      <Filter>20. Editor\LevelEditor\Outliner</Filter>
    </ClInclude>
    <ClInclude Include="CMaterial.h">
      <Filter>06. Asset\Material</Filter>
    </ClInclude>
    <ClInclude Include="CLight3D.h">
      <Filter>08. Component\07. Light3D</Filter>
    </ClInclude>
    <ClInclude Include="CModleLoader.h">
      <Filter>ModleLoader</Filter>
    </ClInclude>
    <ClInclude Include="imgui\imconfig.h">
      <Filter>ImGui</Filter>
    </ClInclude>
    <ClInclude Include="imgui\imgui.h">
      <Filter>ImGui</Filter>
    </ClInclude>
    <ClInclude Include="imgui\imgui_impl_dx11.h">
      <Filter>ImGui</Filter>
    </ClInclude>
    <ClInclude Include="imgui\imgui_impl_win32.h">
      <Filter>ImGui</Filter>
    </ClInclude>
    <ClInclude Include="imgui\imgui_internal.h">
      <Filter>ImGui</Filter>
    </ClInclude>
    <ClInclude Include="imgui\imstb_rectpack.h">
      <Filter>ImGui</Filter>
    </ClInclude>
    <ClInclude Include="imgui\imstb_textedit.h">
      <Filter>ImGui</Filter>
    </ClInclude>
    <ClInclude Include="imgui\imstb_truetype.h">
      <Filter>ImGui</Filter>
    </ClInclude>
    <ClInclude Include="ImGui\ImCurveEdit.h">
      <Filter>ImGui\ImGuizmo</Filter>
    </ClInclude>
    <ClInclude Include="ImGui\ImGradient.h">
      <Filter>ImGui\ImGuizmo</Filter>
    </ClInclude>
    <ClInclude Include="ImGui\ImGuizmo.h">
      <Filter>ImGui\ImGuizmo</Filter>
    </ClInclude>
    <ClInclude Include="ImGui\ImSequencer.h">
      <Filter>ImGui\ImGuizmo</Filter>
    </ClInclude>
    <ClInclude Include="ImGui\ImZoomSlider.h">
      <Filter>ImGui\ImGuizmo</Filter>
    </ClInclude>
    <ClInclude Include="ImGui\GraphEditor.h">
      <Filter>ImGui\ImGuizmo</Filter>
    </ClInclude>
    <ClInclude Include="CTestLevel.h">
      <Filter>05. Level</Filter>
    </ClInclude>
    <ClInclude Include="CContentBrowser.h">
      <Filter>20. Editor\LevelEditor\Content Browser</Filter>
    </ClInclude>
    <ClInclude Include="CGrabageCollector.h">
      <Filter>04. Manager\GrabageCollector</Filter>
    </ClInclude>
    <ClInclude Include="Ptr.h">
      <Filter>06. Asset</Filter>
    </ClInclude>
    <ClInclude Include="CRenderMgr.h">
      <Filter>04. Manager\RenderMgr</Filter>
    </ClInclude>
    <ClInclude Include="CCollider2D.h">
      <Filter>08. Component\02. Collider2D</Filter>
    </ClInclude>
    <ClInclude Include="CCollisionMgr.h">
      <Filter>04. Manager\CollisionMgr</Filter>
    </ClInclude>
    <ClInclude Include="CAnimator2D.h">
      <Filter>08. Component\04. Animator2D</Filter>
    </ClInclude>
    <ClInclude Include="CAnim.h">
      <Filter>08. Component\04. Animator2D\Anim</Filter>
    </ClInclude>
    <ClInclude Include="CTestLevel2.h">
      <Filter>05. Level</Filter>
    </ClInclude>
    <ClInclude Include="CLevelSaveLoad.h">
      <Filter>LevelSaveLoad</Filter>
    </ClInclude>
  </ItemGroup>
  <ItemGroup>
    <ClCompile Include="Engine.cpp">
      <Filter>Default</Filter>
    </ClCompile>
    <ClCompile Include="pch.cpp">
      <Filter>Default</Filter>
    </ClCompile>
    <ClCompile Include="CEngine.cpp">
      <Filter>02. Engine</Filter>
    </ClCompile>
    <ClCompile Include="CDevice.cpp">
      <Filter>03. Device</Filter>
    </ClCompile>
    <ClCompile Include="CEntity.cpp">
      <Filter>Entity</Filter>
    </ClCompile>
    <ClCompile Include="CLevel.cpp">
      <Filter>05. Level</Filter>
    </ClCompile>
    <ClCompile Include="CKeyMgr.cpp">
      <Filter>04. Manager\KeyMgr</Filter>
    </ClCompile>
    <ClCompile Include="CPathMgr.cpp">
      <Filter>04. Manager\PathMgr</Filter>
    </ClCompile>
    <ClCompile Include="CTimeMgr.cpp">
      <Filter>04. Manager\TimeMgr</Filter>
    </ClCompile>
    <ClCompile Include="CAsset.cpp">
      <Filter>06. Asset</Filter>
    </ClCompile>
    <ClCompile Include="CMesh.cpp">
      <Filter>06. Asset\Mesh</Filter>
    </ClCompile>
    <ClCompile Include="CShader.cpp">
      <Filter>06. Asset\Shader</Filter>
    </ClCompile>
    <ClCompile Include="CGraphicsShader.cpp">
      <Filter>06. Asset\Shader\GraphicsShader</Filter>
    </ClCompile>
    <ClCompile Include="CComponent.cpp">
      <Filter>08. Component</Filter>
    </ClCompile>
    <ClCompile Include="CGameObject.cpp">
      <Filter>07. GameObject</Filter>
    </ClCompile>
    <ClCompile Include="CTransform.cpp">
      <Filter>08. Component\01. Transform</Filter>
    </ClCompile>
    <ClCompile Include="CConstBuffer.cpp">
      <Filter>03. Device\ConstBuffer</Filter>
    </ClCompile>
    <ClCompile Include="CRenderComponent.cpp">
      <Filter>08. Component\RenderComponent</Filter>
    </ClCompile>
    <ClCompile Include="CMeshRender.cpp">
      <Filter>08. Component\RenderComponent\01. MeshRender</Filter>
    </ClCompile>
    <ClCompile Include="CAssetMgr.cpp">
      <Filter>04. Manager\AssetMgr</Filter>
    </ClCompile>
    <ClCompile Include="CScript.cpp">
      <Filter>08. Component\Script</Filter>
    </ClCompile>
    <ClCompile Include="CCamera.cpp">
      <Filter>08. Component\09. Camera</Filter>
    </ClCompile>
    <ClCompile Include="CPlayerScript.cpp">
      <Filter>Scripts</Filter>
    </ClCompile>
    <ClCompile Include="CLevelMgr.cpp">
      <Filter>04. Manager\LevelMgr</Filter>
    </ClCompile>
    <ClCompile Include="CLayer.cpp">
      <Filter>05. Level</Filter>
    </ClCompile>
    <ClCompile Include="extern.cpp">
      <Filter>01. Header</Filter>
    </ClCompile>
    <ClCompile Include="CCameraMoveScript.cpp">
      <Filter>Scripts</Filter>
    </ClCompile>
    <ClCompile Include="CEditorMgr.cpp">
      <Filter>04. Manager\EditorMgr</Filter>
    </ClCompile>
    <ClCompile Include="CEditor.cpp">
      <Filter>20. Editor</Filter>
    </ClCompile>
    <ClCompile Include="CLevelEditor.cpp">
      <Filter>20. Editor\LevelEditor</Filter>
    </ClCompile>
    <ClCompile Include="CTaskMgr.cpp">
      <Filter>04. Manager\TaskMgr</Filter>
    </ClCompile>
    <ClCompile Include="CTexture.cpp">
      <Filter>06. Asset\Texture</Filter>
    </ClCompile>
    <ClCompile Include="COutliner.cpp">
      <Filter>20. Editor\LevelEditor\Outliner</Filter>
    </ClCompile>
    <ClCompile Include="CMaterial.cpp">
      <Filter>06. Asset\Material</Filter>
    </ClCompile>
    <ClCompile Include="CLight3D.cpp">
      <Filter>08. Component\07. Light3D</Filter>
    </ClCompile>
    <ClCompile Include="CModleLoader.cpp">
      <Filter>ModleLoader</Filter>
    </ClCompile>
    <ClCompile Include="imgui\imgui.cpp">
      <Filter>ImGui</Filter>
    </ClCompile>
    <ClCompile Include="imgui\imgui_demo.cpp">
      <Filter>ImGui</Filter>
    </ClCompile>
    <ClCompile Include="imgui\imgui_draw.cpp">
      <Filter>ImGui</Filter>
    </ClCompile>
    <ClCompile Include="imgui\imgui_impl_dx11.cpp">
      <Filter>ImGui</Filter>
    </ClCompile>
    <ClCompile Include="imgui\imgui_impl_win32.cpp">
      <Filter>ImGui</Filter>
    </ClCompile>
    <ClCompile Include="imgui\imgui_tables.cpp">
      <Filter>ImGui</Filter>
    </ClCompile>
    <ClCompile Include="imgui\imgui_widgets.cpp">
      <Filter>ImGui</Filter>
    </ClCompile>
    <ClCompile Include="ImGui\ImCurveEdit.cpp">
      <Filter>ImGui\ImGuizmo</Filter>
    </ClCompile>
    <ClCompile Include="ImGui\ImGradient.cpp">
      <Filter>ImGui\ImGuizmo</Filter>
    </ClCompile>
    <ClCompile Include="ImGui\ImGuizmo.cpp">
      <Filter>ImGui\ImGuizmo</Filter>
    </ClCompile>
    <ClCompile Include="ImGui\ImSequencer.cpp">
      <Filter>ImGui\ImGuizmo</Filter>
    </ClCompile>
    <ClCompile Include="ImGui\GraphEditor.cpp">
      <Filter>ImGui\ImGuizmo</Filter>
    </ClCompile>
    <ClCompile Include="CTestLevel.cpp">
      <Filter>05. Level</Filter>
    </ClCompile>
    <ClCompile Include="func.cpp">
      <Filter>01. Header</Filter>
    </ClCompile>
    <ClCompile Include="CContentBrowser.cpp">
      <Filter>20. Editor\LevelEditor\Content Browser</Filter>
    </ClCompile>
    <ClCompile Include="CGrabageCollector.cpp">
      <Filter>04. Manager\GrabageCollector</Filter>
    </ClCompile>
    <ClCompile Include="CRenderMgr.cpp">
      <Filter>04. Manager\RenderMgr</Filter>
    </ClCompile>
    <ClCompile Include="CRenderMgr_init.cpp">
      <Filter>04. Manager\RenderMgr</Filter>
    </ClCompile>
    <ClCompile Include="CCollider2D.cpp">
      <Filter>08. Component\02. Collider2D</Filter>
    </ClCompile>
    <ClCompile Include="CCollisionMgr.cpp">
      <Filter>04. Manager\CollisionMgr</Filter>
    </ClCompile>
    <ClCompile Include="CAnimator2D.cpp">
      <Filter>08. Component\04. Animator2D</Filter>
    </ClCompile>
    <ClCompile Include="CAnim.cpp">
      <Filter>08. Component\04. Animator2D\Anim</Filter>
    </ClCompile>
    <ClCompile Include="CTestLevel2.cpp">
      <Filter>05. Level</Filter>
    </ClCompile>
    <ClCompile Include="CLevelSaveLoad.cpp">
      <Filter>LevelSaveLoad</Filter>
    </ClCompile>
  </ItemGroup>
  <ItemGroup>
    <Filter Include="01. Header">
      <UniqueIdentifier>{d2895097-7c7e-4c0d-8389-85bdf6572f2a}</UniqueIdentifier>
    </Filter>
    <Filter Include="Default">
      <UniqueIdentifier>{d0f2f8a5-bdb0-47ff-9b99-9f800e34f2af}</UniqueIdentifier>
    </Filter>
    <Filter Include="02. Engine">
      <UniqueIdentifier>{9f111e3a-05f2-4f21-9949-7619719dc3b4}</UniqueIdentifier>
    </Filter>
    <Filter Include="03. Device">
      <UniqueIdentifier>{6c64f738-8ed7-4905-9df2-05423b115338}</UniqueIdentifier>
    </Filter>
    <Filter Include="Entity">
      <UniqueIdentifier>{747b2ddc-0400-4a02-a9c8-cd40eb8a5038}</UniqueIdentifier>
    </Filter>
    <Filter Include="Module">
      <UniqueIdentifier>{69131e55-d5af-4bc4-9a21-6cba8ddc7aab}</UniqueIdentifier>
    </Filter>
    <Filter Include="ShaderCode">
      <UniqueIdentifier>{e1ff1e33-ec98-4e56-a2c6-ebc360a24d52}</UniqueIdentifier>
    </Filter>
    <Filter Include="05. Level">
      <UniqueIdentifier>{bbcc4b52-f89c-4b90-8f98-ecbb79676c76}</UniqueIdentifier>
    </Filter>
    <Filter Include="04. Manager">
      <UniqueIdentifier>{eae498c6-6a7f-4f44-90c6-0ff013b91274}</UniqueIdentifier>
    </Filter>
    <Filter Include="04. Manager\KeyMgr">
      <UniqueIdentifier>{a12fed08-2d50-493a-b886-da76dcf958e5}</UniqueIdentifier>
    </Filter>
    <Filter Include="04. Manager\PathMgr">
      <UniqueIdentifier>{d1cff104-c7e1-4342-a358-f4a83078678c}</UniqueIdentifier>
    </Filter>
    <Filter Include="04. Manager\TimeMgr">
      <UniqueIdentifier>{bcd1f63b-3214-43a1-a499-914e398b7f09}</UniqueIdentifier>
    </Filter>
    <Filter Include="06. Asset">
      <UniqueIdentifier>{4b68f9bb-e9b3-4643-96d9-9e95a5aa8a97}</UniqueIdentifier>
    </Filter>
    <Filter Include="07. GameObject">
      <UniqueIdentifier>{8eab04c4-fb5f-4237-82f2-4e508dfa71c6}</UniqueIdentifier>
    </Filter>
    <Filter Include="08. Component">
      <UniqueIdentifier>{e87b178b-38c5-43c3-8cd8-0b4566683e23}</UniqueIdentifier>
    </Filter>
    <Filter Include="08. Component\01. Transform">
      <UniqueIdentifier>{7263119e-ba22-4cb5-9446-0ecb37b4016e}</UniqueIdentifier>
    </Filter>
    <Filter Include="08. Component\02. Collider2D">
      <UniqueIdentifier>{737e7bdf-bf5f-4e15-bb6a-cc11cc447925}</UniqueIdentifier>
    </Filter>
    <Filter Include="08. Component\04. Animator2D">
      <UniqueIdentifier>{9d93aab6-f129-4ec9-8792-04600c0214ef}</UniqueIdentifier>
    </Filter>
    <Filter Include="08. Component\06. Light2D">
      <UniqueIdentifier>{4c8fc6f4-c40d-4822-942d-f02e46d0aaba}</UniqueIdentifier>
    </Filter>
    <Filter Include="08. Component\09. Camera">
      <UniqueIdentifier>{495ffeae-38f4-4697-8067-b7ce93f406c7}</UniqueIdentifier>
    </Filter>
    <Filter Include="06. Asset\Mesh">
      <UniqueIdentifier>{8f54ffc6-a3b6-40d3-abfa-204909ad4b43}</UniqueIdentifier>
    </Filter>
    <Filter Include="06. Asset\Shader">
      <UniqueIdentifier>{820c754b-d0bb-4d18-b533-36d63d434a75}</UniqueIdentifier>
    </Filter>
    <Filter Include="06. Asset\Shader\ComputeShader">
      <UniqueIdentifier>{9f65900f-cf3e-4f14-837f-0b1e2e61bff3}</UniqueIdentifier>
    </Filter>
    <Filter Include="06. Asset\Shader\GraphicsShader">
      <UniqueIdentifier>{097303a2-0cd8-424a-801c-6a2fd3183b80}</UniqueIdentifier>
    </Filter>
    <Filter Include="03. Device\ConstBuffer">
      <UniqueIdentifier>{452bbeee-1b03-4813-9bae-1d2e76aa321d}</UniqueIdentifier>
    </Filter>
    <Filter Include="08. Component\RenderComponent">
      <UniqueIdentifier>{ee6c54e3-3c7d-487d-80ab-c7e791ba4a1c}</UniqueIdentifier>
    </Filter>
    <Filter Include="08. Component\RenderComponent\01. MeshRender">
      <UniqueIdentifier>{e9b9b29f-1340-4b32-bb9e-2e0b7e89bca4}</UniqueIdentifier>
    </Filter>
    <Filter Include="08. Component\RenderComponent\02. TileMap">
      <UniqueIdentifier>{e3652818-822e-4ad3-a1e6-2cc07871a700}</UniqueIdentifier>
    </Filter>
    <Filter Include="08. Component\RenderComponent\03. ParticleSystem">
      <UniqueIdentifier>{465e7928-9a4b-492c-b047-376839804dc2}</UniqueIdentifier>
    </Filter>
    <Filter Include="04. Manager\AssetMgr">
      <UniqueIdentifier>{a235bdd5-31ac-438a-bad0-e2050728bd54}</UniqueIdentifier>
    </Filter>
    <Filter Include="04. Manager\LevelMgr">
      <UniqueIdentifier>{76b77282-f8da-483d-9b08-c092636426ea}</UniqueIdentifier>
    </Filter>
    <Filter Include="Scripts">
      <UniqueIdentifier>{4534e01f-3ea9-4615-8c70-e43b15fe89e7}</UniqueIdentifier>
    </Filter>
    <Filter Include="08. Component\Script">
      <UniqueIdentifier>{21850e1c-1906-43b3-b65e-868bb3418669}</UniqueIdentifier>
    </Filter>
    <Filter Include="04. Manager\EditorMgr">
      <UniqueIdentifier>{09b1b8a6-d707-4b61-9b04-c1b48e49d632}</UniqueIdentifier>
    </Filter>
    <Filter Include="20. Editor">
      <UniqueIdentifier>{3cff4e82-0f38-4e70-a8fe-8c48c982fdb1}</UniqueIdentifier>
    </Filter>
    <Filter Include="20. Editor\LevelEditor">
      <UniqueIdentifier>{9c4bd6e4-cb1e-4a94-abfd-2cf8fc04fe59}</UniqueIdentifier>
    </Filter>
    <Filter Include="04. Manager\TaskMgr">
      <UniqueIdentifier>{71673e13-8b50-409a-b41e-f98964acc927}</UniqueIdentifier>
    </Filter>
    <Filter Include="06. Asset\Material">
      <UniqueIdentifier>{f621e868-f531-4089-b323-1959e05a63e6}</UniqueIdentifier>
    </Filter>
    <Filter Include="06. Asset\MeshData">
      <UniqueIdentifier>{e37f76e7-086b-48a7-8b13-ced27096ec30}</UniqueIdentifier>
    </Filter>
    <Filter Include="06. Asset\Sound">
      <UniqueIdentifier>{c3573a7c-3e27-4c5c-8ab1-07b7b592d086}</UniqueIdentifier>
    </Filter>
    <Filter Include="06. Asset\Texture">
      <UniqueIdentifier>{6ef43a2b-d46f-4f70-8436-e6e6158ae4b9}</UniqueIdentifier>
    </Filter>
    <Filter Include="20. Editor\LevelEditor\Outliner">
      <UniqueIdentifier>{13a45330-55a0-469f-8332-f154d870f5af}</UniqueIdentifier>
    </Filter>
    <Filter Include="08. Component\07. Light3D">
      <UniqueIdentifier>{cb64fc51-6534-4973-95d7-39eefdcd4813}</UniqueIdentifier>
    </Filter>
    <Filter Include="ModleLoader">
      <UniqueIdentifier>{217a6a91-fde4-4060-bdbf-96650c1d1c2e}</UniqueIdentifier>
    </Filter>
    <Filter Include="ImGui">
      <UniqueIdentifier>{18a059c4-7e85-4c7a-aadf-f1e5440c30c7}</UniqueIdentifier>
    </Filter>
    <Filter Include="ImGui\ImGuizmo">
      <UniqueIdentifier>{a6dc6aa6-5bf6-46a5-8157-67afa13db34e}</UniqueIdentifier>
    </Filter>
    <Filter Include="20. Editor\LevelEditor\Content Browser">
      <UniqueIdentifier>{834d4261-0b1f-4dc9-b33d-93b4fd5dc98c}</UniqueIdentifier>
    </Filter>
    <Filter Include="04. Manager\GrabageCollector">
      <UniqueIdentifier>{16f1149d-3d02-4bba-803b-51a38dc2c467}</UniqueIdentifier>
    </Filter>
    <Filter Include="ShaderCode\Basic">
      <UniqueIdentifier>{a291ae40-b082-4c98-a07b-b88c20838d6a}</UniqueIdentifier>
    </Filter>
    <Filter Include="ShaderCode\BlinnPhong">
      <UniqueIdentifier>{1a59fa21-719c-47cd-b3d2-c235a63bf234}</UniqueIdentifier>
    </Filter>
    <Filter Include="ShaderCode\Normal">
      <UniqueIdentifier>{1948534b-e8a0-4304-9cb5-d3065c96d43a}</UniqueIdentifier>
    </Filter>
    <Filter Include="ShaderCode\OutLine">
      <UniqueIdentifier>{32794d67-0e3f-4d28-9f08-b34493e1a0bb}</UniqueIdentifier>
    </Filter>
    <Filter Include="ShaderCode\SkyBox">
      <UniqueIdentifier>{b9305f22-f69a-4c67-8c77-8f7328de9be8}</UniqueIdentifier>
    </Filter>
    <Filter Include="ShaderCode\Postprocess">
      <UniqueIdentifier>{ecfecc17-a936-4349-ac5e-f423232cdd33}</UniqueIdentifier>
    </Filter>
    <Filter Include="ShaderCode\fx">
      <UniqueIdentifier>{a6646b60-92d7-4360-b676-e57cd91e10c5}</UniqueIdentifier>
    </Filter>
    <Filter Include="04. Manager\RenderMgr">
      <UniqueIdentifier>{ae6b38b1-0e5f-4294-8421-d3521fa3e4c1}</UniqueIdentifier>
    </Filter>
    <Filter Include="ShaderCode\BillBoardPoint">
      <UniqueIdentifier>{4096e577-a00c-4054-bce3-b41c1e5d5bf8}</UniqueIdentifier>
    </Filter>
    <Filter Include="ShaderCode\IDMap">
      <UniqueIdentifier>{2bab43c2-94f4-4c1f-a401-d373c38f6ab0}</UniqueIdentifier>
    </Filter>
    <Filter Include="ShaderCode\BillBoardPoint\FireBall">
      <UniqueIdentifier>{bf673712-93a6-4566-b3a6-4c589d3e82d7}</UniqueIdentifier>
    </Filter>
    <Filter Include="ShaderCode\TessellatedQuad">
      <UniqueIdentifier>{096e3691-6d9a-4fe8-8f74-4a1b42ffd3c7}</UniqueIdentifier>
    </Filter>
    <Filter Include="04. Manager\CollisionMgr">
      <UniqueIdentifier>{51cb9da8-2ab5-4e89-ae24-98a0524a7f6b}</UniqueIdentifier>
    </Filter>
    <Filter Include="08. Component\04. Animator2D\Anim">
      <UniqueIdentifier>{0d45d08f-4efe-4d12-9365-3b29507dd597}</UniqueIdentifier>
    </Filter>
    <Filter Include="LevelSaveLoad">
      <UniqueIdentifier>{bdf3eee3-1a1e-45c1-a45a-a0f2fd4d8952}</UniqueIdentifier>
    </Filter>
  </ItemGroup>
  <ItemGroup>
    <None Include="SimpleMath.inl">
      <Filter>Module</Filter>
    </None>
    <None Include="global.hlsli">
      <Filter>ShaderCode</Filter>
    </None>
    <None Include="struct.hlsli">
      <Filter>ShaderCode</Filter>
    </None>
    <None Include="Light.hlsli">
      <Filter>ShaderCode</Filter>
    </None>
  </ItemGroup>
  <ItemGroup>
    <FxCompile Include="BasicPS.hlsl">
      <Filter>ShaderCode\Basic</Filter>
    </FxCompile>
    <FxCompile Include="BasicVS.hlsl">
      <Filter>ShaderCode\Basic</Filter>
    </FxCompile>
    <FxCompile Include="BlinnPhongPS.hlsl">
      <Filter>ShaderCode\BlinnPhong</Filter>
    </FxCompile>
    <FxCompile Include="BlinnPhongVS.hlsl">
      <Filter>ShaderCode\BlinnPhong</Filter>
    </FxCompile>
    <FxCompile Include="NormalLineVS.hlsl">
      <Filter>ShaderCode\Normal</Filter>
    </FxCompile>
    <FxCompile Include="NormalLineGS.hlsl">
      <Filter>ShaderCode\Normal</Filter>
    </FxCompile>
    <FxCompile Include="NormalLinePS.hlsl">
      <Filter>ShaderCode\Normal</Filter>
    </FxCompile>
    <FxCompile Include="OutLinePS.hlsl">
      <Filter>ShaderCode\OutLine</Filter>
    </FxCompile>
    <FxCompile Include="OutLineVS.hlsl">
      <Filter>ShaderCode\OutLine</Filter>
    </FxCompile>
    <FxCompile Include="SkyboxPS.hlsl">
      <Filter>ShaderCode\SkyBox</Filter>
    </FxCompile>
    <FxCompile Include="SkyBoxVS.hlsl">
      <Filter>ShaderCode\SkyBox</Filter>
    </FxCompile>
    <FxCompile Include="SamplingVS.hlsl">
      <Filter>ShaderCode\Postprocess</Filter>
    </FxCompile>
    <FxCompile Include="SamplingPS.hlsl">
      <Filter>ShaderCode\Postprocess</Filter>
    </FxCompile>
    <FxCompile Include="std2d.fx">
      <Filter>ShaderCode\fx</Filter>
    </FxCompile>
    <FxCompile Include="debug.fx">
      <Filter>ShaderCode\fx</Filter>
    </FxCompile>
    <FxCompile Include="BlurYPS.hlsl">
      <Filter>ShaderCode\Postprocess</Filter>
    </FxCompile>
    <FxCompile Include="BlurXPS.hlsl">
      <Filter>ShaderCode\Postprocess</Filter>
    </FxCompile>
    <FxCompile Include="CombinePS.hlsl">
      <Filter>ShaderCode\Postprocess</Filter>
    </FxCompile>
    <FxCompile Include="BillBoardPointGS.hlsl">
      <Filter>ShaderCode\BillBoardPoint</Filter>
    </FxCompile>
    <FxCompile Include="BillBoardPointPS.hlsl">
      <Filter>ShaderCode\BillBoardPoint</Filter>
    </FxCompile>
    <FxCompile Include="BillBoardPointVS.hlsl">
      <Filter>ShaderCode\BillBoardPoint</Filter>
    </FxCompile>
    <FxCompile Include="IDMapVS.hlsl">
      <Filter>ShaderCode\IDMap</Filter>
    </FxCompile>
    <FxCompile Include="IDMapPS.hlsl">
      <Filter>ShaderCode\IDMap</Filter>
    </FxCompile>
    <FxCompile Include="FireBallPS.hlsl">
      <Filter>ShaderCode\BillBoardPoint\FireBall</Filter>
    </FxCompile>
    <FxCompile Include="TessellatedQuadDS.hlsl">
      <Filter>ShaderCode\TessellatedQuad</Filter>
    </FxCompile>
    <FxCompile Include="TessellatedQuadHS.hlsl">
      <Filter>ShaderCode\TessellatedQuad</Filter>
    </FxCompile>
    <FxCompile Include="TessellatedQuadPS.hlsl">
      <Filter>ShaderCode\TessellatedQuad</Filter>
    </FxCompile>
    <FxCompile Include="TessellatedQuadVS.hlsl">
      <Filter>ShaderCode\TessellatedQuad</Filter>
    </FxCompile>
  </ItemGroup>
</Project>