<?xml version="1.0" encoding="utf-8"?>
<Project ToolsVersion="4.0" xmlns="http://schemas.microsoft.com/developer/msbuild/2003">
  <ItemGroup>
    <ClInclude Include="pch.h">
      <Filter>Default</Filter>
    </ClInclude>
    <ClInclude Include="framework.h">
      <Filter>Default</Filter>
    </ClInclude>
    <ClInclude Include="define.h">
      <Filter>01. Header</Filter>
    </ClInclude>
    <ClInclude Include="global.h">
      <Filter>01. Header</Filter>
    </ClInclude>
    <ClInclude Include="struct.h">
      <Filter>01. Header</Filter>
    </ClInclude>
    <ClInclude Include="singleton.h">
      <Filter>01. Header</Filter>
    </ClInclude>
    <ClInclude Include="CEngine.h">
      <Filter>02. Engine</Filter>
    </ClInclude>
    <ClInclude Include="CDevice.h">
      <Filter>03. Device</Filter>
    </ClInclude>
    <ClInclude Include="CEntity.h">
      <Filter>Entity</Filter>
    </ClInclude>
    <ClInclude Include="CLevel.h">
      <Filter>05. Level</Filter>
    </ClInclude>
    <ClInclude Include="CKeyMgr.h">
      <Filter>04. Manager\KeyMgr</Filter>
    </ClInclude>
    <ClInclude Include="CPathMgr.h">
      <Filter>04. Manager\PathMgr</Filter>
    </ClInclude>
    <ClInclude Include="CTimeMgr.h">
      <Filter>04. Manager\TimeMgr</Filter>
    </ClInclude>
    <ClInclude Include="CAsset.h">
      <Filter>06. Asset</Filter>
    </ClInclude>
    <ClInclude Include="CMesh.h">
      <Filter>06. Asset\Mesh</Filter>
    </ClInclude>
    <ClInclude Include="CShader.h">
      <Filter>06. Asset\Shader</Filter>
    </ClInclude>
    <ClInclude Include="CGraphicsShader.h">
      <Filter>06. Asset\Shader\GraphicsShader</Filter>
    </ClInclude>
    <ClInclude Include="CComponent.h">
      <Filter>08. Component</Filter>
    </ClInclude>
    <ClInclude Include="CGameObject.h">
      <Filter>07. GameObject</Filter>
    </ClInclude>
    <ClInclude Include="CTransform.h">
      <Filter>08. Component\Transform</Filter>
    </ClInclude>
    <ClInclude Include="func.h">
      <Filter>01. Header</Filter>
    </ClInclude>
    <ClInclude Include="CConstBuffer.h">
      <Filter>03. Device\ConstBuffer</Filter>
    </ClInclude>
    <ClInclude Include="CRenderComponent.h">
      <Filter>08. Component\RenderComponent</Filter>
    </ClInclude>
    <ClInclude Include="CMeshRender.h">
      <Filter>08. Component\RenderComponent\MeshRender</Filter>
    </ClInclude>
    <ClInclude Include="CAssetMgr.h">
      <Filter>04. Manager\AssetMgr</Filter>
    </ClInclude>
    <ClInclude Include="components.h">
      <Filter>01. Header</Filter>
    </ClInclude>
    <ClInclude Include="CScript.h">
      <Filter>08. Component\Script</Filter>
    </ClInclude>
    <ClInclude Include="CCamera.h">
      <Filter>08. Component\Camera</Filter>
    </ClInclude>
    <ClInclude Include="CLevelMgr.h">
      <Filter>04. Manager\LevelMgr</Filter>
    </ClInclude>
    <ClInclude Include="CLayer.h">
      <Filter>05. Level</Filter>
    </ClInclude>
    <ClInclude Include="CEditorMgr.h">
      <Filter>04. Manager\EditorMgr</Filter>
    </ClInclude>
    <ClInclude Include="CEditor.h">
      <Filter>09. Editor</Filter>
    </ClInclude>
    <ClInclude Include="CLevelEditor.h">
      <Filter>09. Editor\Level Editor</Filter>
    </ClInclude>
    <ClInclude Include="CTaskMgr.h">
      <Filter>04. Manager\TaskMgr</Filter>
    </ClInclude>
    <ClInclude Include="CTexture.h">
      <Filter>06. Asset\Texture</Filter>
    </ClInclude>
    <ClInclude Include="COutliner.h">
      <Filter>09. Editor\Level Editor\Outliner</Filter>
    </ClInclude>
    <ClInclude Include="CMaterial.h">
      <Filter>06. Asset\Material</Filter>
    </ClInclude>
    <ClInclude Include="CLight.h">
      <Filter>08. Component\Light</Filter>
    </ClInclude>
    <ClInclude Include="CContentBrowser.h">
      <Filter>09. Editor\Level Editor\Content Browser</Filter>
    </ClInclude>
    <ClInclude Include="CGrabageCollector.h">
      <Filter>04. Manager\GrabageCollector</Filter>
    </ClInclude>
    <ClInclude Include="Ptr.h">
      <Filter>06. Asset</Filter>
    </ClInclude>
    <ClInclude Include="CRenderMgr.h">
      <Filter>04. Manager\RenderMgr</Filter>
    </ClInclude>
    <ClInclude Include="CAnimator2D.h">
      <Filter>08. Component\Animator 2D</Filter>
    </ClInclude>
    <ClInclude Include="CLevelSaveLoad.h">
      <Filter>Module\LevelSaveLoad</Filter>
    </ClInclude>
    <ClInclude Include="CStructuredBuffer.h">
      <Filter>03. Device\StructuredBuffer</Filter>
    </ClInclude>
    <ClInclude Include="CLight2D.h">
      <Filter>08. Component\Light 2D</Filter>
    </ClInclude>
    <ClInclude Include="CMaterialEditor.h">
      <Filter>09. Editor\Material Editor</Filter>
    </ClInclude>
    <ClInclude Include="COutputLog.h">
      <Filter>09. Editor\Level Editor\COutputLog</Filter>
    </ClInclude>
    <ClInclude Include="CBlueprintEditor.h">
      <Filter>09. Editor\Blueprint Editor</Filter>
    </ClInclude>
    <ClInclude Include="ImGui\ImGuizmo\ImCurveEdit.h">
      <Filter>Module\ImGui\ImGuizmo</Filter>
    </ClInclude>
    <ClInclude Include="ImGui\ImGuizmo\ImGradient.h">
      <Filter>Module\ImGui\ImGuizmo</Filter>
    </ClInclude>
    <ClInclude Include="ImGui\ImGuizmo\ImSequencer.h">
      <Filter>Module\ImGui\ImGuizmo</Filter>
    </ClInclude>
    <ClInclude Include="ImGui\ImGuizmo\ImZoomSlider.h">
      <Filter>Module\ImGui\ImGuizmo</Filter>
    </ClInclude>
    <ClInclude Include="ImGui\ImGuizmo\ImGuizmo.h">
      <Filter>Module\ImGui\ImGuizmo</Filter>
    </ClInclude>
    <ClInclude Include="ImGui\ImGuizmo\GraphEditor.h">
      <Filter>Module\ImGui\ImGuizmo</Filter>
    </ClInclude>
    <ClInclude Include="CTileMap.h">
      <Filter>08. Component\RenderComponent\TileMap</Filter>
    </ClInclude>
    <ClInclude Include="CSpriteEditor.h">
      <Filter>09. Editor\Sprite Editor</Filter>
    </ClInclude>
    <ClInclude Include="CParticleSystem.h">
      <Filter>08. Component\RenderComponent\ParticleSystem</Filter>
    </ClInclude>
    <ClInclude Include="CSetColorShader.h">
      <Filter>ShaderCode\Compute\SetColor</Filter>
    </ClInclude>
    <ClInclude Include="CComputeShader.h">
      <Filter>06. Asset\Shader\ComputeShader</Filter>
    </ClInclude>
    <ClInclude Include="CParticleUpdate.h">
      <Filter>ShaderCode\Compute\ParticleUpdate</Filter>
    </ClInclude>
    <ClInclude Include="CTileMapEditor.h">
      <Filter>09. Editor\TileMap Editor</Filter>
    </ClInclude>
    <ClInclude Include="ImGui\imconfig.h">
      <Filter>Module\ImGui</Filter>
    </ClInclude>
    <ClInclude Include="ImGui\imgui.h">
      <Filter>Module\ImGui</Filter>
    </ClInclude>
    <ClInclude Include="ImGui\imgui_impl_dx11.h">
      <Filter>Module\ImGui</Filter>
    </ClInclude>
    <ClInclude Include="ImGui\imgui_impl_win32.h">
      <Filter>Module\ImGui</Filter>
    </ClInclude>
    <ClInclude Include="ImGui\imgui_internal.h">
      <Filter>Module\ImGui</Filter>
    </ClInclude>
    <ClInclude Include="ImGui\imgui_stacklayout.h">
      <Filter>Module\ImGui</Filter>
    </ClInclude>
    <ClInclude Include="ImGui\imgui_stacklayout_internal.h">
      <Filter>Module\ImGui</Filter>
    </ClInclude>
    <ClInclude Include="ImGui\imstb_rectpack.h">
      <Filter>Module\ImGui</Filter>
    </ClInclude>
    <ClInclude Include="ImGui\imstb_textedit.h">
      <Filter>Module\ImGui</Filter>
    </ClInclude>
    <ClInclude Include="ImGui\imstb_truetype.h">
      <Filter>Module\ImGui</Filter>
    </ClInclude>
    <ClInclude Include="ImGui\imgui_node_editor\crude_json.h">
      <Filter>Module\ImGui\imgui_node_editor</Filter>
    </ClInclude>
    <ClInclude Include="ImGui\imgui_node_editor\imgui_bezier_math.h">
      <Filter>Module\ImGui\imgui_node_editor</Filter>
    </ClInclude>
    <ClInclude Include="ImGui\imgui_node_editor\imgui_canvas.h">
      <Filter>Module\ImGui\imgui_node_editor</Filter>
    </ClInclude>
    <ClInclude Include="ImGui\imgui_node_editor\imgui_extra_math.h">
      <Filter>Module\ImGui\imgui_node_editor</Filter>
    </ClInclude>
    <ClInclude Include="ImGui\imgui_node_editor\imgui_node_editor.h">
      <Filter>Module\ImGui\imgui_node_editor</Filter>
    </ClInclude>
    <ClInclude Include="ImGui\imgui_node_editor\imgui_node_editor_internal.h">
      <Filter>Module\ImGui\imgui_node_editor</Filter>
    </ClInclude>
    <ClInclude Include="ImGui\imgui_node_editor\utilities\builders.h">
      <Filter>Module\ImGui\imgui_node_editor\utilities</Filter>
    </ClInclude>
    <ClInclude Include="ImGui\imgui_node_editor\utilities\drawing.h">
      <Filter>Module\ImGui\imgui_node_editor\utilities</Filter>
    </ClInclude>
    <ClInclude Include="ImGui\imgui_node_editor\utilities\widgets.h">
      <Filter>Module\ImGui\imgui_node_editor\utilities</Filter>
    </ClInclude>
    <ClInclude Include="CSkyBox.h">
      <Filter>08. Component\RenderComponent\SkyBox</Filter>
    </ClInclude>
    <ClInclude Include="CGameObjectEx.h">
      <Filter>07. GameObject\Ex</Filter>
    </ClInclude>
    <ClInclude Include="CPrefab.h">
      <Filter>06. Asset\Prefab</Filter>
    </ClInclude>
    <ClInclude Include="CPhysics2DMgr.h">
      <Filter>04. Manager\Physics2DMgr</Filter>
    </ClInclude>
    <ClInclude Include="CRigidbody2D.h">
      <Filter>08. Component\Rigidbody 2D</Filter>
    </ClInclude>
    <ClInclude Include="CBoxCollider2D.h">
      <Filter>08. Component\Collider 2D\BoxCollider2D</Filter>
    </ClInclude>
    <ClInclude Include="CCircleCollider2D.h">
      <Filter>08. Component\Collider 2D\CircleCollider2D</Filter>
    </ClInclude>
    <ClInclude Include="CCollider2D.h">
      <Filter>08. Component\Collider 2D</Filter>
    </ClInclude>
    <ClInclude Include="CSound.h">
      <Filter>06. Asset\Sound</Filter>
    </ClInclude>
    <ClInclude Include="CPhysics2DMaterial.h">
      <Filter>06. Asset\Physics2DMaterial</Filter>
    </ClInclude>
    <ClInclude Include="CPhysics2DMaterialEditor.h">
      <Filter>09. Editor\Physics2DMaterial Editor</Filter>
    </ClInclude>
    <ClInclude Include="CSoundEditor.h">
      <Filter>09. Editor\Sound Editor</Filter>
    </ClInclude>
    <ClInclude Include="CFontMgr.h">
      <Filter>04. Manager\FontMgr</Filter>
    </ClInclude>
    <ClInclude Include="CTextRender.h">
      <Filter>08. Component\RenderComponent\TextRender</Filter>
    </ClInclude>
    <ClInclude Include="CEdgeCollider2D.h">
      <Filter>08. Component\Collider 2D\EdgeCollider2D</Filter>
    </ClInclude>
    <ClInclude Include="CPolygonCollider2D.h">
      <Filter>08. Component\Collider 2D\PolygonCollider2D</Filter>
    </ClInclude>
    <ClInclude Include="CPhysicsMgr.h">
      <Filter>04. Manager\PhysicsMgr</Filter>
    </ClInclude>
    <ClInclude Include="CPhysicMaterial.h">
      <Filter>06. Asset\PhysicMaterial</Filter>
    </ClInclude>
    <ClInclude Include="CPhysicMaterialEditor.h">
      <Filter>09. Editor\PhysicMaterial Editor</Filter>
    </ClInclude>
    <ClInclude Include="CRigidBody.h">
      <Filter>08. Component\Rigidbody</Filter>
    </ClInclude>
    <ClInclude Include="CCollider.h">
      <Filter>08. Component\Collider</Filter>
    </ClInclude>
    <ClInclude Include="CBoxCollider.h">
      <Filter>08. Component\Collider\Box Collider</Filter>
    </ClInclude>
    <ClInclude Include="CCapsuleCollider.h">
      <Filter>08. Component\Collider\Capsule Collider</Filter>
    </ClInclude>
    <ClInclude Include="CSphereCollider.h">
      <Filter>08. Component\Collider\Sphere Collider</Filter>
    </ClInclude>
    <ClInclude Include="CMRT.h">
      <Filter>Module\MRT</Filter>
    </ClInclude>
    <ClInclude Include="CDecal.h">
      <Filter>08. Component\RenderComponent\Decal</Filter>
    </ClInclude>
    <ClInclude Include="CCharacterController.h">
      <Filter>08. Component\Collider\Character Controller</Filter>
    </ClInclude>
    <ClInclude Include="CFrustum.h">
      <Filter>08. Component\Camera</Filter>
    </ClInclude>
    <ClInclude Include="CMeshCollider.h">
      <Filter>08. Component\Collider\Mesh Collider</Filter>
    </ClInclude>
    <ClInclude Include="CLandScape.h">
      <Filter>08. Component\RenderComponent\LandScape</Filter>
    </ClInclude>
    <ClInclude Include="CRaycastShader.h">
      <Filter>ShaderCode\Compute\LandScape\Raycast</Filter>
    </ClInclude>
    <ClInclude Include="CHeightMapShader.h">
      <Filter>ShaderCode\Compute\LandScape\HeightMap</Filter>
    </ClInclude>
    <ClInclude Include="CWeightMapShader.h">
      <Filter>ShaderCode\Compute\LandScape\WeightMap</Filter>
    </ClInclude>
    <ClInclude Include="CFBXLoader.h">
      <Filter>Module\FBXLoader</Filter>
    </ClInclude>
    <ClInclude Include="CMeshData.h">
      <Filter>06. Asset\MeshData</Filter>
    </ClInclude>
    <ClInclude Include="CAnimator.h">
      <Filter>08. Component\Animator</Filter>
    </ClInclude>
    <ClInclude Include="CAnimationUpdateShader.h">
      <Filter>ShaderCode\Compute\AnimationUpdate</Filter>
    </ClInclude>
    <ClInclude Include="CCopyBoneShader.h">
      <Filter>ShaderCode\Compute\CopyBone</Filter>
    </ClInclude>
    <ClInclude Include="CInstancingBuffer.h">
      <Filter>04. Manager\Instancing</Filter>
    </ClInclude>
    <ClInclude Include="CAnim2D.h">
      <Filter>08. Component\Animator 2D</Filter>
    </ClInclude>
    <ClInclude Include="CModelEditor.h">
      <Filter>09. Editor\Model Editor</Filter>
    </ClInclude>
    <ClInclude Include="SimpleMath.h">
      <Filter>Module\SimpleMath</Filter>
    </ClInclude>
  </ItemGroup>
  <ItemGroup>
    <ClCompile Include="Engine.cpp">
      <Filter>Default</Filter>
    </ClCompile>
    <ClCompile Include="pch.cpp">
      <Filter>Default</Filter>
    </ClCompile>
    <ClCompile Include="CEngine.cpp">
      <Filter>02. Engine</Filter>
    </ClCompile>
    <ClCompile Include="CDevice.cpp">
      <Filter>03. Device</Filter>
    </ClCompile>
    <ClCompile Include="CEntity.cpp">
      <Filter>Entity</Filter>
    </ClCompile>
    <ClCompile Include="CLevel.cpp">
      <Filter>05. Level</Filter>
    </ClCompile>
    <ClCompile Include="CKeyMgr.cpp">
      <Filter>04. Manager\KeyMgr</Filter>
    </ClCompile>
    <ClCompile Include="CPathMgr.cpp">
      <Filter>04. Manager\PathMgr</Filter>
    </ClCompile>
    <ClCompile Include="CTimeMgr.cpp">
      <Filter>04. Manager\TimeMgr</Filter>
    </ClCompile>
    <ClCompile Include="CAsset.cpp">
      <Filter>06. Asset</Filter>
    </ClCompile>
    <ClCompile Include="CMesh.cpp">
      <Filter>06. Asset\Mesh</Filter>
    </ClCompile>
    <ClCompile Include="CShader.cpp">
      <Filter>06. Asset\Shader</Filter>
    </ClCompile>
    <ClCompile Include="CGraphicsShader.cpp">
      <Filter>06. Asset\Shader\GraphicsShader</Filter>
    </ClCompile>
    <ClCompile Include="CComponent.cpp">
      <Filter>08. Component</Filter>
    </ClCompile>
    <ClCompile Include="CGameObject.cpp">
      <Filter>07. GameObject</Filter>
    </ClCompile>
    <ClCompile Include="CTransform.cpp">
      <Filter>08. Component\Transform</Filter>
    </ClCompile>
    <ClCompile Include="CConstBuffer.cpp">
      <Filter>03. Device\ConstBuffer</Filter>
    </ClCompile>
    <ClCompile Include="CRenderComponent.cpp">
      <Filter>08. Component\RenderComponent</Filter>
    </ClCompile>
    <ClCompile Include="CMeshRender.cpp">
      <Filter>08. Component\RenderComponent\MeshRender</Filter>
    </ClCompile>
    <ClCompile Include="CAssetMgr.cpp">
      <Filter>04. Manager\AssetMgr</Filter>
    </ClCompile>
    <ClCompile Include="CScript.cpp">
      <Filter>08. Component\Script</Filter>
    </ClCompile>
    <ClCompile Include="CCamera.cpp">
      <Filter>08. Component\Camera</Filter>
    </ClCompile>
    <ClCompile Include="CLevelMgr.cpp">
      <Filter>04. Manager\LevelMgr</Filter>
    </ClCompile>
    <ClCompile Include="CLayer.cpp">
      <Filter>05. Level</Filter>
    </ClCompile>
    <ClCompile Include="extern.cpp">
      <Filter>01. Header</Filter>
    </ClCompile>
    <ClCompile Include="CEditorMgr.cpp">
      <Filter>04. Manager\EditorMgr</Filter>
    </ClCompile>
    <ClCompile Include="CEditor.cpp">
      <Filter>09. Editor</Filter>
    </ClCompile>
    <ClCompile Include="CLevelEditor.cpp">
      <Filter>09. Editor\Level Editor</Filter>
    </ClCompile>
    <ClCompile Include="CTaskMgr.cpp">
      <Filter>04. Manager\TaskMgr</Filter>
    </ClCompile>
    <ClCompile Include="CTexture.cpp">
      <Filter>06. Asset\Texture</Filter>
    </ClCompile>
    <ClCompile Include="COutliner.cpp">
      <Filter>09. Editor\Level Editor\Outliner</Filter>
    </ClCompile>
    <ClCompile Include="CMaterial.cpp">
      <Filter>06. Asset\Material</Filter>
    </ClCompile>
    <ClCompile Include="CLight.cpp">
      <Filter>08. Component\Light</Filter>
    </ClCompile>
    <ClCompile Include="func.cpp">
      <Filter>01. Header</Filter>
    </ClCompile>
    <ClCompile Include="CContentBrowser.cpp">
      <Filter>09. Editor\Level Editor\Content Browser</Filter>
    </ClCompile>
    <ClCompile Include="CGrabageCollector.cpp">
      <Filter>04. Manager\GrabageCollector</Filter>
    </ClCompile>
    <ClCompile Include="CRenderMgr.cpp">
      <Filter>04. Manager\RenderMgr</Filter>
    </ClCompile>
    <ClCompile Include="CRenderMgr_init.cpp">
      <Filter>04. Manager\RenderMgr</Filter>
    </ClCompile>
    <ClCompile Include="CAnimator2D.cpp">
      <Filter>08. Component\Animator 2D</Filter>
    </ClCompile>
    <ClCompile Include="CLevelSaveLoad.cpp">
      <Filter>Module\LevelSaveLoad</Filter>
    </ClCompile>
    <ClCompile Include="CStructuredBuffer.cpp">
      <Filter>03. Device\StructuredBuffer</Filter>
    </ClCompile>
    <ClCompile Include="CLight2D.cpp">
      <Filter>08. Component\Light 2D</Filter>
    </ClCompile>
    <ClCompile Include="CAssetMgr_init.cpp">
      <Filter>04. Manager\AssetMgr</Filter>
    </ClCompile>
    <ClCompile Include="CMaterialEditor.cpp">
      <Filter>09. Editor\Material Editor</Filter>
    </ClCompile>
    <ClCompile Include="COutputLog.cpp">
      <Filter>09. Editor\Level Editor\COutputLog</Filter>
    </ClCompile>
    <ClCompile Include="CBlueprintEditor.cpp">
      <Filter>09. Editor\Blueprint Editor</Filter>
    </ClCompile>
    <ClCompile Include="ImGui\ImGuizmo\ImGradient.cpp">
      <Filter>Module\ImGui\ImGuizmo</Filter>
    </ClCompile>
    <ClCompile Include="ImGui\ImGuizmo\ImSequencer.cpp">
      <Filter>Module\ImGui\ImGuizmo</Filter>
    </ClCompile>
    <ClCompile Include="ImGui\ImGuizmo\ImGuizmo.cpp">
      <Filter>Module\ImGui\ImGuizmo</Filter>
    </ClCompile>
    <ClCompile Include="ImGui\ImGuizmo\GraphEditor.cpp">
      <Filter>Module\ImGui\ImGuizmo</Filter>
    </ClCompile>
    <ClCompile Include="ImGui\ImGuizmo\ImCurveEdit.cpp">
      <Filter>Module\ImGui\ImGuizmo</Filter>
    </ClCompile>
    <ClCompile Include="CTileMap.cpp">
      <Filter>08. Component\RenderComponent\TileMap</Filter>
    </ClCompile>
    <ClCompile Include="CSpriteEditor.cpp">
      <Filter>09. Editor\Sprite Editor</Filter>
    </ClCompile>
    <ClCompile Include="CParticleSystem.cpp">
      <Filter>08. Component\RenderComponent\ParticleSystem</Filter>
    </ClCompile>
    <ClCompile Include="CSetColorShader.cpp">
      <Filter>ShaderCode\Compute\SetColor</Filter>
    </ClCompile>
    <ClCompile Include="CComputeShader.cpp">
      <Filter>06. Asset\Shader\ComputeShader</Filter>
    </ClCompile>
    <ClCompile Include="CParticleUpdate.cpp">
      <Filter>ShaderCode\Compute\ParticleUpdate</Filter>
    </ClCompile>
    <ClCompile Include="CTileMapEditor.cpp">
      <Filter>09. Editor\TileMap Editor</Filter>
    </ClCompile>
    <ClCompile Include="ImGui\imgui.cpp">
      <Filter>Module\ImGui</Filter>
    </ClCompile>
    <ClCompile Include="ImGui\imgui_demo.cpp">
      <Filter>Module\ImGui</Filter>
    </ClCompile>
    <ClCompile Include="ImGui\imgui_draw.cpp">
      <Filter>Module\ImGui</Filter>
    </ClCompile>
    <ClCompile Include="ImGui\imgui_impl_dx11.cpp">
      <Filter>Module\ImGui</Filter>
    </ClCompile>
    <ClCompile Include="ImGui\imgui_impl_win32.cpp">
      <Filter>Module\ImGui</Filter>
    </ClCompile>
    <ClCompile Include="ImGui\imgui_stacklayout.cpp">
      <Filter>Module\ImGui</Filter>
    </ClCompile>
    <ClCompile Include="ImGui\imgui_tables.cpp">
      <Filter>Module\ImGui</Filter>
    </ClCompile>
    <ClCompile Include="ImGui\imgui_widgets.cpp">
      <Filter>Module\ImGui</Filter>
    </ClCompile>
    <ClCompile Include="ImGui\imgui_node_editor\crude_json.cpp">
      <Filter>Module\ImGui\imgui_node_editor</Filter>
    </ClCompile>
    <ClCompile Include="ImGui\imgui_node_editor\imgui_canvas.cpp">
      <Filter>Module\ImGui\imgui_node_editor</Filter>
    </ClCompile>
    <ClCompile Include="ImGui\imgui_node_editor\imgui_node_editor.cpp">
      <Filter>Module\ImGui\imgui_node_editor</Filter>
    </ClCompile>
    <ClCompile Include="ImGui\imgui_node_editor\imgui_node_editor_api.cpp">
      <Filter>Module\ImGui\imgui_node_editor</Filter>
    </ClCompile>
    <ClCompile Include="ImGui\imgui_node_editor\utilities\drawing.cpp">
      <Filter>Module\ImGui\imgui_node_editor\utilities</Filter>
    </ClCompile>
    <ClCompile Include="ImGui\imgui_node_editor\utilities\widgets.cpp">
      <Filter>Module\ImGui\imgui_node_editor\utilities</Filter>
    </ClCompile>
    <ClCompile Include="ImGui\imgui_node_editor\utilities\builders.cpp">
      <Filter>Module\ImGui\imgui_node_editor\utilities</Filter>
    </ClCompile>
    <ClCompile Include="CSkyBox.cpp">
      <Filter>08. Component\RenderComponent\SkyBox</Filter>
    </ClCompile>
    <ClCompile Include="CGameObjectEx.cpp">
      <Filter>07. GameObject\Ex</Filter>
    </ClCompile>
    <ClCompile Include="CPrefab.cpp">
      <Filter>06. Asset\Prefab</Filter>
    </ClCompile>
    <ClCompile Include="CPhysics2DMgr.cpp">
      <Filter>04. Manager\Physics2DMgr</Filter>
    </ClCompile>
    <ClCompile Include="CRigidbody2D.cpp">
      <Filter>08. Component\Rigidbody 2D</Filter>
    </ClCompile>
    <ClCompile Include="CBoxCollider2D.cpp">
      <Filter>08. Component\Collider 2D\BoxCollider2D</Filter>
    </ClCompile>
    <ClCompile Include="CCircleCollider2D.cpp">
      <Filter>08. Component\Collider 2D\CircleCollider2D</Filter>
    </ClCompile>
    <ClCompile Include="CCollider2D.cpp">
      <Filter>08. Component\Collider 2D</Filter>
    </ClCompile>
    <ClCompile Include="CSound.cpp">
      <Filter>06. Asset\Sound</Filter>
    </ClCompile>
    <ClCompile Include="CPhysics2DMaterial.cpp">
      <Filter>06. Asset\Physics2DMaterial</Filter>
    </ClCompile>
    <ClCompile Include="CPhysics2DMaterialEditor.cpp">
      <Filter>09. Editor\Physics2DMaterial Editor</Filter>
    </ClCompile>
    <ClCompile Include="CSoundEditor.cpp">
      <Filter>09. Editor\Sound Editor</Filter>
    </ClCompile>
    <ClCompile Include="CFontMgr.cpp">
      <Filter>04. Manager\FontMgr</Filter>
    </ClCompile>
    <ClCompile Include="CTextRender.cpp">
      <Filter>08. Component\RenderComponent\TextRender</Filter>
    </ClCompile>
    <ClCompile Include="CEdgeCollider2D.cpp">
      <Filter>08. Component\Collider 2D\EdgeCollider2D</Filter>
    </ClCompile>
    <ClCompile Include="CPolygonCollider2D.cpp">
      <Filter>08. Component\Collider 2D\PolygonCollider2D</Filter>
    </ClCompile>
    <ClCompile Include="CPhysicsMgr.cpp">
      <Filter>04. Manager\PhysicsMgr</Filter>
    </ClCompile>
    <ClCompile Include="CPhysicMaterial.cpp">
      <Filter>06. Asset\PhysicMaterial</Filter>
    </ClCompile>
    <ClCompile Include="CPhysicMaterialEditor.cpp">
      <Filter>09. Editor\PhysicMaterial Editor</Filter>
    </ClCompile>
    <ClCompile Include="CRigidBody.cpp">
      <Filter>08. Component\Rigidbody</Filter>
    </ClCompile>
    <ClCompile Include="CCollider.cpp">
      <Filter>08. Component\Collider</Filter>
    </ClCompile>
    <ClCompile Include="CBoxCollider.cpp">
      <Filter>08. Component\Collider\Box Collider</Filter>
    </ClCompile>
    <ClCompile Include="CCapsuleCollider.cpp">
      <Filter>08. Component\Collider\Capsule Collider</Filter>
    </ClCompile>
    <ClCompile Include="CSphereCollider.cpp">
      <Filter>08. Component\Collider\Sphere Collider</Filter>
    </ClCompile>
    <ClCompile Include="CMRT.cpp">
      <Filter>Module\MRT</Filter>
    </ClCompile>
    <ClCompile Include="CDecal.cpp">
      <Filter>08. Component\RenderComponent\Decal</Filter>
    </ClCompile>
    <ClCompile Include="CCharacterController.cpp">
      <Filter>08. Component\Collider\Character Controller</Filter>
    </ClCompile>
    <ClCompile Include="CFrustum.cpp">
      <Filter>08. Component\Camera</Filter>
    </ClCompile>
    <ClCompile Include="CMeshCollider.cpp">
      <Filter>08. Component\Collider\Mesh Collider</Filter>
    </ClCompile>
    <ClCompile Include="CLandScape.cpp">
      <Filter>08. Component\RenderComponent\LandScape</Filter>
    </ClCompile>
    <ClCompile Include="CLandScape_init.cpp">
      <Filter>08. Component\RenderComponent\LandScape</Filter>
    </ClCompile>
    <ClCompile Include="CRaycastShader.cpp">
      <Filter>ShaderCode\Compute\LandScape\Raycast</Filter>
    </ClCompile>
    <ClCompile Include="CHeightMapShader.cpp">
      <Filter>ShaderCode\Compute\LandScape\HeightMap</Filter>
    </ClCompile>
    <ClCompile Include="CWeightMapShader.cpp">
      <Filter>ShaderCode\Compute\LandScape\WeightMap</Filter>
    </ClCompile>
    <ClCompile Include="CFBXLoader.cpp">
      <Filter>Module\FBXLoader</Filter>
    </ClCompile>
    <ClCompile Include="CMeshData.cpp">
      <Filter>06. Asset\MeshData</Filter>
    </ClCompile>
    <ClCompile Include="CAnimator.cpp">
      <Filter>08. Component\Animator</Filter>
    </ClCompile>
    <ClCompile Include="CAnimationUpdateShader.cpp">
      <Filter>ShaderCode\Compute\AnimationUpdate</Filter>
    </ClCompile>
    <ClCompile Include="CCopyBoneShader.cpp">
      <Filter>ShaderCode\Compute\CopyBone</Filter>
    </ClCompile>
    <ClCompile Include="CInstancingBuffer.cpp">
      <Filter>04. Manager\Instancing</Filter>
    </ClCompile>
    <ClCompile Include="CAnim2D.cpp">
      <Filter>08. Component\Animator 2D</Filter>
    </ClCompile>
    <ClCompile Include="CModelEditor.cpp">
      <Filter>09. Editor\Model Editor</Filter>
    </ClCompile>
    <ClCompile Include="CAssetMgr_Kirby.cpp">
      <Filter>04. Manager\AssetMgr</Filter>
    </ClCompile>
    <ClCompile Include="SimpleMath.cpp">
      <Filter>Module\SimpleMath</Filter>
    </ClCompile>
    <ClCompile Include="CLevelMgr_CreateDefaultKirbyLevel.cpp">
      <Filter>04. Manager\LevelMgr</Filter>
    </ClCompile>
  </ItemGroup>
  <ItemGroup>
    <Filter Include="01. Header">
      <UniqueIdentifier>{d2895097-7c7e-4c0d-8389-85bdf6572f2a}</UniqueIdentifier>
    </Filter>
    <Filter Include="Default">
      <UniqueIdentifier>{d0f2f8a5-bdb0-47ff-9b99-9f800e34f2af}</UniqueIdentifier>
    </Filter>
    <Filter Include="03. Device">
      <UniqueIdentifier>{6c64f738-8ed7-4905-9df2-05423b115338}</UniqueIdentifier>
    </Filter>
    <Filter Include="Entity">
      <UniqueIdentifier>{747b2ddc-0400-4a02-a9c8-cd40eb8a5038}</UniqueIdentifier>
    </Filter>
    <Filter Include="Module">
      <UniqueIdentifier>{69131e55-d5af-4bc4-9a21-6cba8ddc7aab}</UniqueIdentifier>
    </Filter>
    <Filter Include="ShaderCode">
      <UniqueIdentifier>{e1ff1e33-ec98-4e56-a2c6-ebc360a24d52}</UniqueIdentifier>
    </Filter>
    <Filter Include="05. Level">
      <UniqueIdentifier>{bbcc4b52-f89c-4b90-8f98-ecbb79676c76}</UniqueIdentifier>
    </Filter>
    <Filter Include="06. Asset">
      <UniqueIdentifier>{4b68f9bb-e9b3-4643-96d9-9e95a5aa8a97}</UniqueIdentifier>
    </Filter>
    <Filter Include="07. GameObject">
      <UniqueIdentifier>{8eab04c4-fb5f-4237-82f2-4e508dfa71c6}</UniqueIdentifier>
    </Filter>
    <Filter Include="08. Component">
      <UniqueIdentifier>{e87b178b-38c5-43c3-8cd8-0b4566683e23}</UniqueIdentifier>
    </Filter>
    <Filter Include="06. Asset\Mesh">
      <UniqueIdentifier>{8f54ffc6-a3b6-40d3-abfa-204909ad4b43}</UniqueIdentifier>
    </Filter>
    <Filter Include="06. Asset\Shader">
      <UniqueIdentifier>{820c754b-d0bb-4d18-b533-36d63d434a75}</UniqueIdentifier>
    </Filter>
    <Filter Include="06. Asset\Shader\ComputeShader">
      <UniqueIdentifier>{9f65900f-cf3e-4f14-837f-0b1e2e61bff3}</UniqueIdentifier>
    </Filter>
    <Filter Include="06. Asset\Shader\GraphicsShader">
      <UniqueIdentifier>{097303a2-0cd8-424a-801c-6a2fd3183b80}</UniqueIdentifier>
    </Filter>
    <Filter Include="03. Device\ConstBuffer">
      <UniqueIdentifier>{452bbeee-1b03-4813-9bae-1d2e76aa321d}</UniqueIdentifier>
    </Filter>
    <Filter Include="08. Component\RenderComponent">
      <UniqueIdentifier>{ee6c54e3-3c7d-487d-80ab-c7e791ba4a1c}</UniqueIdentifier>
    </Filter>
    <Filter Include="08. Component\Script">
      <UniqueIdentifier>{21850e1c-1906-43b3-b65e-868bb3418669}</UniqueIdentifier>
    </Filter>
    <Filter Include="06. Asset\Material">
      <UniqueIdentifier>{f621e868-f531-4089-b323-1959e05a63e6}</UniqueIdentifier>
    </Filter>
    <Filter Include="06. Asset\MeshData">
      <UniqueIdentifier>{e37f76e7-086b-48a7-8b13-ced27096ec30}</UniqueIdentifier>
    </Filter>
    <Filter Include="06. Asset\Sound">
      <UniqueIdentifier>{c3573a7c-3e27-4c5c-8ab1-07b7b592d086}</UniqueIdentifier>
    </Filter>
    <Filter Include="06. Asset\Texture">
      <UniqueIdentifier>{6ef43a2b-d46f-4f70-8436-e6e6158ae4b9}</UniqueIdentifier>
    </Filter>
    <Filter Include="03. Device\StructuredBuffer">
      <UniqueIdentifier>{9bc152a0-79ed-40d7-8633-be0834c741d5}</UniqueIdentifier>
    </Filter>
    <Filter Include="02. Engine">
      <UniqueIdentifier>{9f111e3a-05f2-4f21-9949-7619719dc3b4}</UniqueIdentifier>
    </Filter>
    <Filter Include="ShaderCode\Compute">
      <UniqueIdentifier>{6c7f0ee5-cd8f-4221-9b4e-ac369a818409}</UniqueIdentifier>
    </Filter>
    <Filter Include="ShaderCode\Render">
      <UniqueIdentifier>{a52180d5-2c05-46d6-9f76-d663569c9560}</UniqueIdentifier>
    </Filter>
    <Filter Include="ShaderCode\Render\BillBoardPoint">
      <UniqueIdentifier>{4096e577-a00c-4054-bce3-b41c1e5d5bf8}</UniqueIdentifier>
    </Filter>
    <Filter Include="ShaderCode\Render\BillBoardPoint\FireBall">
      <UniqueIdentifier>{bf673712-93a6-4566-b3a6-4c589d3e82d7}</UniqueIdentifier>
    </Filter>
    <Filter Include="ShaderCode\Render\BlinnPhong">
      <UniqueIdentifier>{1a59fa21-719c-47cd-b3d2-c235a63bf234}</UniqueIdentifier>
    </Filter>
    <Filter Include="ShaderCode\Render\fx">
      <UniqueIdentifier>{a6646b60-92d7-4360-b676-e57cd91e10c5}</UniqueIdentifier>
    </Filter>
    <Filter Include="ShaderCode\Render\IDMap">
      <UniqueIdentifier>{2bab43c2-94f4-4c1f-a401-d373c38f6ab0}</UniqueIdentifier>
    </Filter>
    <Filter Include="ShaderCode\Render\Normal">
      <UniqueIdentifier>{1948534b-e8a0-4304-9cb5-d3065c96d43a}</UniqueIdentifier>
    </Filter>
    <Filter Include="ShaderCode\Render\Postprocess">
      <UniqueIdentifier>{ecfecc17-a936-4349-ac5e-f423232cdd33}</UniqueIdentifier>
    </Filter>
    <Filter Include="ShaderCode\Render\SkyBox">
      <UniqueIdentifier>{b9305f22-f69a-4c67-8c77-8f7328de9be8}</UniqueIdentifier>
    </Filter>
    <Filter Include="ShaderCode\Render\TessellatedQuad">
      <UniqueIdentifier>{096e3691-6d9a-4fe8-8f74-4a1b42ffd3c7}</UniqueIdentifier>
    </Filter>
    <Filter Include="ShaderCode\Utilities">
      <UniqueIdentifier>{3dad39af-abd7-4a98-862b-1933c05559f2}</UniqueIdentifier>
    </Filter>
    <Filter Include="ShaderCode\Compute\SetColor">
      <UniqueIdentifier>{6e2d6bf9-74fa-4635-9090-30a81ef4d10c}</UniqueIdentifier>
    </Filter>
    <Filter Include="ShaderCode\Compute\ParticleUpdate">
      <UniqueIdentifier>{ca4b92ac-f16e-406a-9387-403008e51038}</UniqueIdentifier>
    </Filter>
    <Filter Include="ShaderCode\Render\OutLine">
      <UniqueIdentifier>{32794d67-0e3f-4d28-9f08-b34493e1a0bb}</UniqueIdentifier>
    </Filter>
    <Filter Include="ShaderCode\Render\UnrealPBR">
      <UniqueIdentifier>{f68944f3-5d62-46df-a0bc-eee34ca61828}</UniqueIdentifier>
    </Filter>
    <Filter Include="ShaderCode\Render\Mirror">
      <UniqueIdentifier>{f02bee5b-14f4-4604-bc94-255ecf65739c}</UniqueIdentifier>
    </Filter>
    <Filter Include="ShaderCode\Render\DepthOnly">
      <UniqueIdentifier>{14a833ff-5417-4210-a8ef-6f63706cce7d}</UniqueIdentifier>
    </Filter>
    <Filter Include="ShaderCode\Render\PostEffect">
      <UniqueIdentifier>{8ebe4286-8179-4680-a989-24bc71c23203}</UniqueIdentifier>
    </Filter>
    <Filter Include="07. GameObject\Ex">
      <UniqueIdentifier>{6794881a-b62a-4735-885c-e53729e92edc}</UniqueIdentifier>
    </Filter>
    <Filter Include="06. Asset\Prefab">
      <UniqueIdentifier>{e32e0f18-5fbe-4a54-be48-ad276488f2d9}</UniqueIdentifier>
    </Filter>
    <Filter Include="06. Asset\Physics2DMaterial">
      <UniqueIdentifier>{24671929-f30d-4e38-8721-e9e92d062107}</UniqueIdentifier>
    </Filter>
    <Filter Include="ShaderCode\Render\ProgressBar">
      <UniqueIdentifier>{255fc16a-e735-4269-bf34-360fbdcb3a95}</UniqueIdentifier>
    </Filter>
    <Filter Include="ShaderCode\Render\SSAO">
      <UniqueIdentifier>{a39218f8-8966-495f-b000-7c571b82f835}</UniqueIdentifier>
    </Filter>
    <Filter Include="06. Asset\PhysicMaterial">
      <UniqueIdentifier>{b1a66690-71b3-4951-95d6-144c0cc946a0}</UniqueIdentifier>
    </Filter>
    <Filter Include="08. Component\Collider">
      <UniqueIdentifier>{c4c40ce6-a806-4881-a9aa-fd22d56e7dca}</UniqueIdentifier>
    </Filter>
    <Filter Include="08. Component\Transform">
      <UniqueIdentifier>{7263119e-ba22-4cb5-9446-0ecb37b4016e}</UniqueIdentifier>
    </Filter>
    <Filter Include="08. Component\Camera">
      <UniqueIdentifier>{495ffeae-38f4-4697-8067-b7ce93f406c7}</UniqueIdentifier>
    </Filter>
    <Filter Include="08. Component\Rigidbody">
      <UniqueIdentifier>{152ac541-d0e3-4eeb-ba1d-9eb0ea3bae72}</UniqueIdentifier>
    </Filter>
    <Filter Include="08. Component\RenderComponent\MeshRender">
      <UniqueIdentifier>{e9b9b29f-1340-4b32-bb9e-2e0b7e89bca4}</UniqueIdentifier>
    </Filter>
    <Filter Include="08. Component\RenderComponent\TileMap">
      <UniqueIdentifier>{e3652818-822e-4ad3-a1e6-2cc07871a700}</UniqueIdentifier>
    </Filter>
    <Filter Include="08. Component\RenderComponent\ParticleSystem">
      <UniqueIdentifier>{465e7928-9a4b-492c-b047-376839804dc2}</UniqueIdentifier>
    </Filter>
    <Filter Include="08. Component\RenderComponent\SkyBox">
      <UniqueIdentifier>{ba210c92-6f64-4ba3-9fab-d0d08634c5dd}</UniqueIdentifier>
    </Filter>
    <Filter Include="08. Component\RenderComponent\TextRender">
      <UniqueIdentifier>{4fc2258a-b0b1-46ca-a1dd-ed6c7b3d96ec}</UniqueIdentifier>
    </Filter>
    <Filter Include="08. Component\RenderComponent\Decal">
      <UniqueIdentifier>{417a8c93-82a7-4d01-b972-fe5993527e9e}</UniqueIdentifier>
    </Filter>
    <Filter Include="08. Component\Collider\Mesh Collider">
      <UniqueIdentifier>{ae277705-4aaf-4b30-8a3a-11589e3e99c7}</UniqueIdentifier>
    </Filter>
    <Filter Include="08. Component\Collider\Capsule Collider">
      <UniqueIdentifier>{8a4fdfbf-1545-4c16-bc26-a3b1b1c3c036}</UniqueIdentifier>
    </Filter>
    <Filter Include="08. Component\Collider\Box Collider">
      <UniqueIdentifier>{f3524a7c-1576-41b9-bae8-c0bde7d77228}</UniqueIdentifier>
    </Filter>
    <Filter Include="08. Component\Collider\Sphere Collider">
      <UniqueIdentifier>{7471b024-91f6-4ccc-802b-b10e34018203}</UniqueIdentifier>
    </Filter>
    <Filter Include="08. Component\RenderComponent\LandScape">
      <UniqueIdentifier>{8c0dbd1b-8e73-4728-bf88-38dff4378acc}</UniqueIdentifier>
    </Filter>
    <Filter Include="ShaderCode\Compute\LandScape">
      <UniqueIdentifier>{c31e0acc-439c-47b5-908e-15f03610bea7}</UniqueIdentifier>
    </Filter>
    <Filter Include="ShaderCode\Compute\LandScape\HeightMap">
      <UniqueIdentifier>{76cbc775-0d09-487b-8844-92d788d5315e}</UniqueIdentifier>
    </Filter>
    <Filter Include="ShaderCode\Compute\LandScape\Raycast">
      <UniqueIdentifier>{b87c0ad2-c4d8-4878-bed7-5e0d073cb528}</UniqueIdentifier>
    </Filter>
    <Filter Include="ShaderCode\Compute\LandScape\WeightMap">
      <UniqueIdentifier>{e3ccf83e-b5cf-43a5-b51a-303e6dfc6f83}</UniqueIdentifier>
    </Filter>
    <Filter Include="Module\FBXLoader">
      <UniqueIdentifier>{17111ca6-31ab-44b6-8a06-56a76f10adb0}</UniqueIdentifier>
    </Filter>
    <Filter Include="Module\MRT">
      <UniqueIdentifier>{471c873d-6253-47dd-9e76-d63d719086be}</UniqueIdentifier>
    </Filter>
    <Filter Include="Module\ImGui">
      <UniqueIdentifier>{18a059c4-7e85-4c7a-aadf-f1e5440c30c7}</UniqueIdentifier>
    </Filter>
    <Filter Include="Module\ImGui\ImGuizmo">
      <UniqueIdentifier>{a6dc6aa6-5bf6-46a5-8157-67afa13db34e}</UniqueIdentifier>
    </Filter>
    <Filter Include="Module\ImGui\imgui_node_editor">
      <UniqueIdentifier>{dd42f278-2230-4591-b0ee-4661945d707b}</UniqueIdentifier>
    </Filter>
    <Filter Include="Module\ImGui\imgui_node_editor\utilities">
      <UniqueIdentifier>{754f8c1a-5c96-4c5d-bf3c-e2515c59e080}</UniqueIdentifier>
    </Filter>
    <Filter Include="Module\LevelSaveLoad">
      <UniqueIdentifier>{bdf3eee3-1a1e-45c1-a45a-a0f2fd4d8952}</UniqueIdentifier>
    </Filter>
    <Filter Include="09. Editor">
      <UniqueIdentifier>{3cff4e82-0f38-4e70-a8fe-8c48c982fdb1}</UniqueIdentifier>
    </Filter>
    <Filter Include="ShaderCode\Compute\CopyBone">
      <UniqueIdentifier>{35e35875-a556-4d9d-a0e4-6f20ae30dd85}</UniqueIdentifier>
    </Filter>
    <Filter Include="08. Component\Animator">
      <UniqueIdentifier>{b5a6f8f8-45eb-44ee-ac40-ec642d50418e}</UniqueIdentifier>
    </Filter>
    <Filter Include="08. Component\Light">
      <UniqueIdentifier>{cb64fc51-6534-4973-95d7-39eefdcd4813}</UniqueIdentifier>
    </Filter>
    <Filter Include="08. Component\Light 2D">
      <UniqueIdentifier>{4c8fc6f4-c40d-4822-942d-f02e46d0aaba}</UniqueIdentifier>
    </Filter>
    <Filter Include="08. Component\Collider 2D">
      <UniqueIdentifier>{79f67d4c-e983-44c5-8bc6-cbee0063c40d}</UniqueIdentifier>
    </Filter>
    <Filter Include="08. Component\Collider 2D\CircleCollider2D">
      <UniqueIdentifier>{597428fa-79f5-4c7d-b8e3-e933352bf77d}</UniqueIdentifier>
    </Filter>
    <Filter Include="08. Component\Collider 2D\PolygonCollider2D">
      <UniqueIdentifier>{1b7a9b7a-f1c7-4072-92d1-5d555c385087}</UniqueIdentifier>
    </Filter>
    <Filter Include="08. Component\Collider 2D\EdgeCollider2D">
      <UniqueIdentifier>{aabb79fb-d05d-4dab-bd10-9cb58899aca8}</UniqueIdentifier>
    </Filter>
    <Filter Include="08. Component\Rigidbody 2D">
      <UniqueIdentifier>{3fb86466-781f-4b82-9e0f-bfd1ade7b13c}</UniqueIdentifier>
    </Filter>
    <Filter Include="08. Component\Animator 2D">
      <UniqueIdentifier>{9d93aab6-f129-4ec9-8792-04600c0214ef}</UniqueIdentifier>
    </Filter>
    <Filter Include="ShaderCode\Compute\AnimationUpdate">
      <UniqueIdentifier>{fd4a2d04-1232-4966-b9de-417e8d4900ea}</UniqueIdentifier>
    </Filter>
    <Filter Include="09. Editor\Material Editor">
      <UniqueIdentifier>{8ad859a0-383c-4701-9fe0-f4cdcef4694f}</UniqueIdentifier>
    </Filter>
    <Filter Include="09. Editor\Level Editor">
      <UniqueIdentifier>{9c4bd6e4-cb1e-4a94-abfd-2cf8fc04fe59}</UniqueIdentifier>
    </Filter>
    <Filter Include="09. Editor\Level Editor\Outliner">
      <UniqueIdentifier>{13a45330-55a0-469f-8332-f154d870f5af}</UniqueIdentifier>
    </Filter>
    <Filter Include="09. Editor\Level Editor\Content Browser">
      <UniqueIdentifier>{834d4261-0b1f-4dc9-b33d-93b4fd5dc98c}</UniqueIdentifier>
    </Filter>
    <Filter Include="09. Editor\Level Editor\COutputLog">
      <UniqueIdentifier>{98af686a-47c3-4b4b-8c44-25c760f20bbe}</UniqueIdentifier>
    </Filter>
    <Filter Include="09. Editor\Blueprint Editor">
      <UniqueIdentifier>{d4a92038-91e8-4b2e-9d45-0e4019d95d8d}</UniqueIdentifier>
    </Filter>
    <Filter Include="09. Editor\PhysicMaterial Editor">
      <UniqueIdentifier>{15051d17-e77d-41f9-8c1f-aa883f35cd69}</UniqueIdentifier>
    </Filter>
    <Filter Include="09. Editor\Physics2DMaterial Editor">
      <UniqueIdentifier>{3cba7f3a-7cf0-43ea-911a-841181415e2d}</UniqueIdentifier>
    </Filter>
    <Filter Include="09. Editor\Sound Editor">
      <UniqueIdentifier>{57698332-dc5c-4594-bca0-8fd946ea00f2}</UniqueIdentifier>
    </Filter>
    <Filter Include="09. Editor\Sprite Editor">
      <UniqueIdentifier>{3c1378c9-4151-479b-97ff-b66579fdd949}</UniqueIdentifier>
    </Filter>
    <Filter Include="09. Editor\TileMap Editor">
      <UniqueIdentifier>{79706b21-6959-4ba5-81f1-4e2d11bf09f5}</UniqueIdentifier>
    </Filter>
    <Filter Include="09. Editor\Model Editor">
      <UniqueIdentifier>{7eb3909d-35df-4e78-95a4-30978790d451}</UniqueIdentifier>
    </Filter>
    <Filter Include="04. Manager">
      <UniqueIdentifier>{eae498c6-6a7f-4f44-90c6-0ff013b91274}</UniqueIdentifier>
    </Filter>
    <Filter Include="04. Manager\KeyMgr">
      <UniqueIdentifier>{a12fed08-2d50-493a-b886-da76dcf958e5}</UniqueIdentifier>
    </Filter>
    <Filter Include="04. Manager\PathMgr">
      <UniqueIdentifier>{d1cff104-c7e1-4342-a358-f4a83078678c}</UniqueIdentifier>
    </Filter>
    <Filter Include="04. Manager\TimeMgr">
      <UniqueIdentifier>{bcd1f63b-3214-43a1-a499-914e398b7f09}</UniqueIdentifier>
    </Filter>
    <Filter Include="04. Manager\AssetMgr">
      <UniqueIdentifier>{a235bdd5-31ac-438a-bad0-e2050728bd54}</UniqueIdentifier>
    </Filter>
    <Filter Include="04. Manager\LevelMgr">
      <UniqueIdentifier>{76b77282-f8da-483d-9b08-c092636426ea}</UniqueIdentifier>
    </Filter>
    <Filter Include="04. Manager\EditorMgr">
      <UniqueIdentifier>{09b1b8a6-d707-4b61-9b04-c1b48e49d632}</UniqueIdentifier>
    </Filter>
    <Filter Include="04. Manager\TaskMgr">
      <UniqueIdentifier>{71673e13-8b50-409a-b41e-f98964acc927}</UniqueIdentifier>
    </Filter>
    <Filter Include="04. Manager\GrabageCollector">
      <UniqueIdentifier>{16f1149d-3d02-4bba-803b-51a38dc2c467}</UniqueIdentifier>
    </Filter>
    <Filter Include="04. Manager\RenderMgr">
      <UniqueIdentifier>{ae6b38b1-0e5f-4294-8421-d3521fa3e4c1}</UniqueIdentifier>
    </Filter>
    <Filter Include="04. Manager\FontMgr">
      <UniqueIdentifier>{ae9005bf-4144-4ba5-b7ea-27764e21947e}</UniqueIdentifier>
    </Filter>
    <Filter Include="04. Manager\PhysicsMgr">
      <UniqueIdentifier>{1c85a419-9ad3-45bd-97fb-5c01b00b568e}</UniqueIdentifier>
    </Filter>
    <Filter Include="04. Manager\Physics2DMgr">
      <UniqueIdentifier>{5bb8f90a-95b9-4d0b-b08d-71aa6c7386ab}</UniqueIdentifier>
    </Filter>
    <Filter Include="04. Manager\Instancing">
      <UniqueIdentifier>{991a345b-6f88-4be8-9664-3f4f2dee0c8b}</UniqueIdentifier>
    </Filter>
    <Filter Include="08. Component\Collider\Character Controller">
      <UniqueIdentifier>{3d16ad29-3679-406b-a7fb-eb008eeb91e0}</UniqueIdentifier>
    </Filter>
    <Filter Include="08. Component\Collider 2D\BoxCollider2D">
      <UniqueIdentifier>{82f47875-0ff7-426c-9826-d0c4880a1e4e}</UniqueIdentifier>
    </Filter>
    <Filter Include="ShaderCode\Kirby">
      <UniqueIdentifier>{68bad4c5-5326-4bbc-8628-e988af93b7c8}</UniqueIdentifier>
    </Filter>
    <Filter Include="ShaderCode\Kirby\Characters">
      <UniqueIdentifier>{c1400185-f673-4f7d-810e-45f34fcda712}</UniqueIdentifier>
    </Filter>
    <Filter Include="ShaderCode\Kirby\Characters\Kirby">
      <UniqueIdentifier>{ba3e7ba3-f030-49ee-892f-e6039050922e}</UniqueIdentifier>
    </Filter>
    <Filter Include="ShaderCode\Kirby\Characters\Boss">
      <UniqueIdentifier>{ba8bd562-b57d-4dd5-b378-f77900ac5e05}</UniqueIdentifier>
    </Filter>
    <Filter Include="ShaderCode\Kirby\Characters\Monster">
      <UniqueIdentifier>{4bb31100-7dd9-49a1-acda-b7805560ce2b}</UniqueIdentifier>
    </Filter>
    <Filter Include="ShaderCode\Kirby\Characters\WaddleDee">
      <UniqueIdentifier>{6722e1ac-3997-4a66-a35e-d0ffd8c157a4}</UniqueIdentifier>
    </Filter>
    <Filter Include="Module\SimpleMath">
      <UniqueIdentifier>{5f743d3c-a978-4db5-9aa2-75e1bbf57044}</UniqueIdentifier>
    </Filter>
    <Filter Include="ShaderCode\Kirby\SkySphere">
      <UniqueIdentifier>{b293636d-b337-4d38-b074-1775de15c827}</UniqueIdentifier>
    </Filter>
    <Filter Include="ShaderCode\Kirby\Characters\Monster\Noddy">
      <UniqueIdentifier>{82de1825-ebd5-48d8-8dd1-cbb92e02b601}</UniqueIdentifier>
    </Filter>
    <Filter Include="ShaderCode\Kirby\Common">
      <UniqueIdentifier>{ef6049ec-7326-40b8-966e-7e749defabdd}</UniqueIdentifier>
    </Filter>
    <Filter Include="ShaderCode\Kirby\Map">
      <UniqueIdentifier>{31e4498a-f58c-45e8-ac2e-f789d062bdf3}</UniqueIdentifier>
    </Filter>
    <Filter Include="ShaderCode\Kirby\UIShader">
      <UniqueIdentifier>{1c926a9d-cfd7-4188-ba29-125df5963738}</UniqueIdentifier>
    </Filter>
    <Filter Include="ShaderCode\Kirby\Map\1. Natural Plains">
      <UniqueIdentifier>{e42ab017-37f0-4515-b1cf-456932d4675e}</UniqueIdentifier>
    </Filter>
    <Filter Include="ShaderCode\Kirby\Map\0. Point of Arrival">
      <UniqueIdentifier>{674671fc-f19e-42a8-a3e3-f64a28f14804}</UniqueIdentifier>
    </Filter>
    <Filter Include="ShaderCode\Kirby\Map\3. Invasion at the House of Horror">
      <UniqueIdentifier>{421a40da-c45f-4cff-87f9-0051de4dd71d}</UniqueIdentifier>
    </Filter>
    <Filter Include="ShaderCode\Kirby\UIShader\UIHPShader">
      <UniqueIdentifier>{c63c5e1c-8daa-49bf-a891-a4976820dea8}</UniqueIdentifier>
    </Filter>
    <Filter Include="ShaderCode\Kirby\UIShader\UIDefaultUIShader">
      <UniqueIdentifier>{cde1195e-dd34-41d4-85be-f9d448d8c211}</UniqueIdentifier>
    </Filter>
    <Filter Include="ShaderCode\Kirby\Postprocess">
      <UniqueIdentifier>{31eba271-b6d2-4a23-98b1-ed3fdf799bda}</UniqueIdentifier>
    </Filter>
    <Filter Include="ShaderCode\Render\Postprocess\LensFlare">
      <UniqueIdentifier>{a2edad5a-4026-44a0-aaa5-3320c3140b42}</UniqueIdentifier>
    </Filter>
    <Filter Include="ShaderCode\Kirby\Characters\Monster\HotHead">
      <UniqueIdentifier>{be943b25-37cf-4771-a5e1-955ebf6963de}</UniqueIdentifier>
    </Filter>
    <Filter Include="ShaderCode\Kirby\Characters\Monster\DefaultEnemy">
      <UniqueIdentifier>{b1ce7628-f5b2-4fc2-b2d9-37e6cb80410c}</UniqueIdentifier>
    </Filter>
    <Filter Include="ShaderCode\Kirby\Characters\Monster\SirKibble">
      <UniqueIdentifier>{52aa8560-1bea-47b8-b19e-b7b5a3e1aa74}</UniqueIdentifier>
    </Filter>
    <Filter Include="ShaderCode\Kirby\Characters\Monster\GhostGordo">
      <UniqueIdentifier>{e5682491-197f-4e22-b39a-d878c384b677}</UniqueIdentifier>
    </Filter>
    <Filter Include="ShaderCode\Kirby\UIShader\UIButtonShader">
      <UniqueIdentifier>{dd3364ed-67cd-46bd-98b3-b1c81137b47c}</UniqueIdentifier>
    </Filter>
    <Filter Include="ShaderCode\Kirby\UIShader\UIRobbyShader">
      <UniqueIdentifier>{ff54bde6-3ce4-4fd2-b6e2-b7d313b4aaa6}</UniqueIdentifier>
    </Filter>
    <Filter Include="ShaderCode\Kirby\UIShader\UIRobbyShader\UIRobbyBackGroundShader">
      <UniqueIdentifier>{cab8ac02-1ade-4ece-965e-1892f664e477}</UniqueIdentifier>
    </Filter>
    <Filter Include="ShaderCode\Kirby\UIShader\UIAnimShader">
      <UniqueIdentifier>{31081bb5-a26c-4286-993c-6b11ced3a8a9}</UniqueIdentifier>
    </Filter>
  </ItemGroup>
  <ItemGroup>
    <None Include="global.hlsli">
      <Filter>ShaderCode\Utilities</Filter>
    </None>
    <None Include="Light.hlsli">
      <Filter>ShaderCode\Utilities</Filter>
    </None>
    <None Include="struct.hlsli">
      <Filter>ShaderCode\Utilities</Filter>
    </None>
    <None Include="ImGui\imgui_node_editor\imgui_bezier_math.inl">
      <Filter>Module\ImGui\imgui_node_editor</Filter>
    </None>
    <None Include="ImGui\imgui_node_editor\imgui_extra_math.inl">
      <Filter>Module\ImGui\imgui_node_editor</Filter>
    </None>
    <None Include="ImGui\imgui_node_editor\imgui_node_editor_internal.inl">
      <Filter>Module\ImGui\imgui_node_editor</Filter>
    </None>
    <None Include="func.hlsli">
      <Filter>ShaderCode\Utilities</Filter>
    </None>
    <None Include="disksample.hlsli">
      <Filter>ShaderCode\Utilities</Filter>
    </None>
    <None Include="UnrealPBRCommon.hlsli">
      <Filter>ShaderCode\Render\UnrealPBR</Filter>
    </None>
    <None Include="SimpleMath.inl">
      <Filter>Module\SimpleMath</Filter>
    </None>
  </ItemGroup>
  <ItemGroup>
    <FxCompile Include="BlinnPhongPS.hlsl">
      <Filter>ShaderCode\Render\BlinnPhong</Filter>
    </FxCompile>
    <FxCompile Include="BlinnPhongVS.hlsl">
      <Filter>ShaderCode\Render\BlinnPhong</Filter>
    </FxCompile>
    <FxCompile Include="NormalLineVS.hlsl">
      <Filter>ShaderCode\Render\Normal</Filter>
    </FxCompile>
    <FxCompile Include="NormalLineGS.hlsl">
      <Filter>ShaderCode\Render\Normal</Filter>
    </FxCompile>
    <FxCompile Include="NormalLinePS.hlsl">
      <Filter>ShaderCode\Render\Normal</Filter>
    </FxCompile>
    <FxCompile Include="3D_OutLinePS.hlsl">
      <Filter>ShaderCode\Render\OutLine</Filter>
    </FxCompile>
    <FxCompile Include="3D_OutLineVS.hlsl">
      <Filter>ShaderCode\Render\OutLine</Filter>
    </FxCompile>
    <FxCompile Include="SkyBoxPS.hlsl">
      <Filter>ShaderCode\Render\SkyBox</Filter>
    </FxCompile>
    <FxCompile Include="SkyBoxVS.hlsl">
      <Filter>ShaderCode\Render\SkyBox</Filter>
    </FxCompile>
    <FxCompile Include="postprocessVS.hlsl">
      <Filter>ShaderCode\Render\Postprocess</Filter>
    </FxCompile>
    <FxCompile Include="CombinePS.hlsl">
      <Filter>ShaderCode\Render\Postprocess</Filter>
    </FxCompile>
    <FxCompile Include="std2d.fx">
      <Filter>ShaderCode\Render\fx</Filter>
    </FxCompile>
    <FxCompile Include="debug.fx">
      <Filter>ShaderCode\Render\fx</Filter>
    </FxCompile>
    <FxCompile Include="BlurYPS.hlsl">
      <Filter>ShaderCode\Render\Postprocess</Filter>
    </FxCompile>
    <FxCompile Include="BlurXPS.hlsl">
      <Filter>ShaderCode\Render\Postprocess</Filter>
    </FxCompile>
    <FxCompile Include="BillBoardPointGS.hlsl">
      <Filter>ShaderCode\Render\BillBoardPoint</Filter>
    </FxCompile>
    <FxCompile Include="BillBoardPointPS.hlsl">
      <Filter>ShaderCode\Render\BillBoardPoint</Filter>
    </FxCompile>
    <FxCompile Include="BillBoardPointVS.hlsl">
      <Filter>ShaderCode\Render\BillBoardPoint</Filter>
    </FxCompile>
    <FxCompile Include="IDMapVS.hlsl">
      <Filter>ShaderCode\Render\IDMap</Filter>
    </FxCompile>
    <FxCompile Include="IDMapPS.hlsl">
      <Filter>ShaderCode\Render\IDMap</Filter>
    </FxCompile>
    <FxCompile Include="FireBallPS.hlsl">
      <Filter>ShaderCode\Render\BillBoardPoint\FireBall</Filter>
    </FxCompile>
    <FxCompile Include="TessellatedQuadDS.hlsl">
      <Filter>ShaderCode\Render\TessellatedQuad</Filter>
    </FxCompile>
    <FxCompile Include="TessellatedQuadHS.hlsl">
      <Filter>ShaderCode\Render\TessellatedQuad</Filter>
    </FxCompile>
    <FxCompile Include="TessellatedQuadPS.hlsl">
      <Filter>ShaderCode\Render\TessellatedQuad</Filter>
    </FxCompile>
    <FxCompile Include="TessellatedQuadVS.hlsl">
      <Filter>ShaderCode\Render\TessellatedQuad</Filter>
    </FxCompile>
    <FxCompile Include="postprocess.fx">
      <Filter>ShaderCode\Render\fx</Filter>
    </FxCompile>
    <FxCompile Include="2D_OutLinePS.hlsl">
      <Filter>ShaderCode\Render\OutLine</Filter>
    </FxCompile>
    <FxCompile Include="2D_OutLineVS.hlsl">
      <Filter>ShaderCode\Render\OutLine</Filter>
    </FxCompile>
    <FxCompile Include="ShockWavePS.hlsl">
      <Filter>ShaderCode\Render\Postprocess</Filter>
    </FxCompile>
    <FxCompile Include="ShockWaveVS.hlsl">
      <Filter>ShaderCode\Render\Postprocess</Filter>
    </FxCompile>
    <FxCompile Include="Tilemap.fx">
      <Filter>ShaderCode\Render\fx</Filter>
    </FxCompile>
    <FxCompile Include="setcolor.fx">
      <Filter>ShaderCode\Compute\SetColor</Filter>
    </FxCompile>
    <FxCompile Include="particle_render.fx">
      <Filter>ShaderCode\Render\fx</Filter>
    </FxCompile>
    <FxCompile Include="particle_update.fx">
      <Filter>ShaderCode\Compute\ParticleUpdate</Filter>
    </FxCompile>
    <FxCompile Include="ToneMappingPS.hlsl">
      <Filter>ShaderCode\Render\Postprocess</Filter>
    </FxCompile>
    <FxCompile Include="BloomDownPS.hlsl">
      <Filter>ShaderCode\Render\Postprocess</Filter>
    </FxCompile>
    <FxCompile Include="BloomUpPS.hlsl">
      <Filter>ShaderCode\Render\Postprocess</Filter>
    </FxCompile>
    <FxCompile Include="UnrealPBRVS.hlsl">
      <Filter>ShaderCode\Render\UnrealPBR</Filter>
    </FxCompile>
    <FxCompile Include="UnrealPBRPS.hlsl">
      <Filter>ShaderCode\Render\UnrealPBR</Filter>
    </FxCompile>
    <FxCompile Include="MirrorPS.hlsl">
      <Filter>ShaderCode\Render\Mirror</Filter>
    </FxCompile>
    <FxCompile Include="MirrorVS.hlsl">
      <Filter>ShaderCode\Render\Mirror</Filter>
    </FxCompile>
    <FxCompile Include="DepthOnlyVS.hlsl">
      <Filter>ShaderCode\Render\DepthOnly</Filter>
    </FxCompile>
    <FxCompile Include="DepthOnlyPS.hlsl">
      <Filter>ShaderCode\Render\DepthOnly</Filter>
    </FxCompile>
    <FxCompile Include="PostEffectPS.hlsl">
      <Filter>ShaderCode\Render\PostEffect</Filter>
    </FxCompile>
    <FxCompile Include="SamplingPS.hlsl">
      <Filter>ShaderCode\Render\Postprocess</Filter>
    </FxCompile>
    <FxCompile Include="ProgressBarVS.hlsl">
      <Filter>ShaderCode\Render\ProgressBar</Filter>
    </FxCompile>
    <FxCompile Include="ProgressBarPS.hlsl">
      <Filter>ShaderCode\Render\ProgressBar</Filter>
    </FxCompile>
    <FxCompile Include="ColorGradingPS.hlsl">
      <Filter>ShaderCode\Render\Postprocess</Filter>
    </FxCompile>
    <FxCompile Include="SSAOPS.hlsl">
      <Filter>ShaderCode\Render\SSAO</Filter>
    </FxCompile>
    <FxCompile Include="std3d.fx">
      <Filter>ShaderCode\Render\fx</Filter>
    </FxCompile>
    <FxCompile Include="skybox.fx">
      <Filter>ShaderCode\Render\fx</Filter>
    </FxCompile>
    <FxCompile Include="std3d_deferred.fx">
      <Filter>ShaderCode\Render\fx</Filter>
    </FxCompile>
    <FxCompile Include="merge_deferred.fx">
      <Filter>ShaderCode\Render\fx</Filter>
    </FxCompile>
    <FxCompile Include="light_deferred.fx">
      <Filter>ShaderCode\Render\fx</Filter>
    </FxCompile>
    <FxCompile Include="UnrealPBRDeferredPS.hlsl">
      <Filter>ShaderCode\Render\UnrealPBR</Filter>
    </FxCompile>
    <FxCompile Include="UnrealPBRDeferredDirLightingVS.hlsl">
      <Filter>ShaderCode\Render\UnrealPBR</Filter>
    </FxCompile>
    <FxCompile Include="UnrealPBRDeferredDirLightingPS.hlsl">
      <Filter>ShaderCode\Render\UnrealPBR</Filter>
    </FxCompile>
    <FxCompile Include="UnrealPBRDeferredMergeVS.hlsl">
      <Filter>ShaderCode\Render\UnrealPBR</Filter>
    </FxCompile>
    <FxCompile Include="UnrealPBRDeferredMergePS.hlsl">
      <Filter>ShaderCode\Render\UnrealPBR</Filter>
    </FxCompile>
    <FxCompile Include="UnrealPBRDeferredPointLightingVS.hlsl">
      <Filter>ShaderCode\Render\UnrealPBR</Filter>
    </FxCompile>
    <FxCompile Include="UnrealPBRDeferredSpotLightingVS.hlsl">
      <Filter>ShaderCode\Render\UnrealPBR</Filter>
    </FxCompile>
    <FxCompile Include="UnrealPBRDeferredPointLightingPS.hlsl">
      <Filter>ShaderCode\Render\UnrealPBR</Filter>
    </FxCompile>
    <FxCompile Include="UnrealPBRDeferredSpotLightingPS.hlsl">
      <Filter>ShaderCode\Render\UnrealPBR</Filter>
    </FxCompile>
    <FxCompile Include="decal.fx">
      <Filter>ShaderCode\Render\fx</Filter>
    </FxCompile>
    <FxCompile Include="tess.fx">
      <Filter>ShaderCode\Render\fx</Filter>
    </FxCompile>
    <FxCompile Include="landscape.fx">
      <Filter>ShaderCode\Render\fx</Filter>
    </FxCompile>
    <FxCompile Include="raycast.fx">
      <Filter>ShaderCode\Compute\LandScape\Raycast</Filter>
    </FxCompile>
    <FxCompile Include="heightmap.fx">
      <Filter>ShaderCode\Compute\LandScape\HeightMap</Filter>
    </FxCompile>
    <FxCompile Include="weightmap.fx">
      <Filter>ShaderCode\Compute\LandScape\WeightMap</Filter>
    </FxCompile>
    <FxCompile Include="animation_update.fx">
      <Filter>ShaderCode\Compute\AnimationUpdate</Filter>
    </FxCompile>
    <FxCompile Include="copybone.fx">
      <Filter>ShaderCode\Compute\CopyBone</Filter>
    </FxCompile>
    <FxCompile Include="KirbyBodyPS.hlsl">
      <Filter>ShaderCode\Kirby\Characters\Kirby</Filter>
    </FxCompile>
    <FxCompile Include="KirbySkySpherePS.hlsl">
      <Filter>ShaderCode\Kirby\SkySphere</Filter>
    </FxCompile>
    <FxCompile Include="NormalEnemyPS.hlsl">
      <Filter>ShaderCode\Kirby\Characters\Monster\DefaultEnemy</Filter>
    </FxCompile>
    <FxCompile Include="KirbyButterflyPS.hlsl">
      <Filter>ShaderCode\Kirby\Characters\Kirby</Filter>
    </FxCompile>
    <FxCompile Include="KirbySwordMagmaPS.hlsl">
      <Filter>ShaderCode\Kirby\Characters\Kirby</Filter>
    </FxCompile>
    <FxCompile Include="NoddyPS.hlsl">
      <Filter>ShaderCode\Kirby\Characters\Monster\Noddy</Filter>
    </FxCompile>
    <FxCompile Include="GlassPS.hlsl">
      <Filter>ShaderCode\Kirby\Common</Filter>
    </FxCompile>
    <FxCompile Include="KirbyLightbulbBodyPS.hlsl">
      <Filter>ShaderCode\Kirby\Characters\Kirby</Filter>
    </FxCompile>
    <FxCompile Include="KirbyMapPS.hlsl">
      <Filter>ShaderCode\Kirby\Map</Filter>
    </FxCompile>
    <FxCompile Include="TransparentPS.hlsl">
      <Filter>ShaderCode\Kirby\Common</Filter>
    </FxCompile>
    <FxCompile Include="FunHouseMapPS.hlsl">
      <Filter>ShaderCode\Kirby\Map\3. Invasion at the House of Horror</Filter>
    </FxCompile>
    <FxCompile Include="UIHPShaderVS.hlsl">
      <Filter>ShaderCode\Kirby\UIShader\UIHPShader</Filter>
    </FxCompile>
    <FxCompile Include="UIHPShaderPS.hlsl">
      <Filter>ShaderCode\Kirby\UIShader\UIHPShader</Filter>
    </FxCompile>
    <FxCompile Include="UIDefaultPS.hlsl">
      <Filter>ShaderCode\Kirby\UIShader\UIDefaultUIShader</Filter>
    </FxCompile>
    <FxCompile Include="UIDefaultVS.hlsl">
      <Filter>ShaderCode\Kirby\UIShader\UIDefaultUIShader</Filter>
    </FxCompile>
    <FxCompile Include="DepthMaskingPS.hlsl">
      <Filter>ShaderCode\Render\PostEffect</Filter>
    </FxCompile>
    <FxCompile Include="KirbyFadeEffectPS.hlsl">
      <Filter>ShaderCode\Kirby\Postprocess</Filter>
    </FxCompile>
    <FxCompile Include="LensFlareVS.hlsl">
      <Filter>ShaderCode\Render\Postprocess\LensFlare</Filter>
    </FxCompile>
    <FxCompile Include="LensFlareGS.hlsl">
      <Filter>ShaderCode\Render\Postprocess\LensFlare</Filter>
    </FxCompile>
    <FxCompile Include="LensFlarePS.hlsl">
      <Filter>ShaderCode\Render\Postprocess\LensFlare</Filter>
    </FxCompile>
    <FxCompile Include="DepthofFieldPS.hlsl">
      <Filter>ShaderCode\Render\Postprocess</Filter>
    </FxCompile>
    <FxCompile Include="KirbyDimensionalFadePS.hlsl">
      <Filter>ShaderCode\Kirby\Postprocess</Filter>
    </FxCompile>
    <FxCompile Include="HotHeadPS.hlsl">
      <Filter>ShaderCode\Kirby\Characters\Monster\HotHead</Filter>
    </FxCompile>
    <FxCompile Include="SirKibblePS.hlsl">
      <Filter>ShaderCode\Kirby\Characters\Monster\SirKibble</Filter>
    </FxCompile>
    <FxCompile Include="GhostGordoPS.hlsl">
      <Filter>ShaderCode\Kirby\Characters\Monster\GhostGordo</Filter>
    </FxCompile>
    <FxCompile Include="MotionBlurPS.hlsl">
      <Filter>ShaderCode\Render\Postprocess</Filter>
    </FxCompile>
    <FxCompile Include="FirePS.hlsl">
      <Filter>ShaderCode\Kirby\Common</Filter>
    </FxCompile>
    <FxCompile Include="CircleDistortionPS.hlsl">
      <Filter>ShaderCode\Render\Postprocess</Filter>
    </FxCompile>
    <FxCompile Include="UIStartSceneButtonPS.hlsl">
      <Filter>ShaderCode\Kirby\UIShader\UIButtonShader</Filter>
    </FxCompile>
    <FxCompile Include="UIRobbyBackGroundPS.hlsl">
      <Filter>ShaderCode\Kirby\UIShader\UIRobbyShader\UIRobbyBackGroundShader</Filter>
    </FxCompile>
    <FxCompile Include="UIHPOutLinePS.hlsl">
      <Filter>ShaderCode\Kirby\UIShader\UIHPShader</Filter>
    </FxCompile>
    <FxCompile Include="UIMaskingAnimPS.hlsl">
      <Filter>ShaderCode\Kirby\UIShader\UIAnimShader</Filter>
    </FxCompile>
    <FxCompile Include="RadialBlurPS.hlsl">
      <Filter>ShaderCode\Render\Postprocess</Filter>
    </FxCompile>
  </ItemGroup>
</Project>