<?xml version="1.0" encoding="utf-8"?>
<Project ToolsVersion="4.0" xmlns="http://schemas.microsoft.com/developer/msbuild/2003">
  <ItemGroup>
    <Filter Include="리소스 파일">
      <UniqueIdentifier>{67DA6AB6-F800-4c08-8B7A-83BB121AAD01}</UniqueIdentifier>
      <Extensions>rc;ico;cur;bmp;dlg;rc2;rct;bin;rgs;gif;jpg;jpeg;jpe;resx;tiff;tif;png;wav;mfcribbon-ms</Extensions>
    </Filter>
    <Filter Include="Default">
      <UniqueIdentifier>{39a3a5a6-e1bf-4527-8679-3fd7b49602db}</UniqueIdentifier>
    </Filter>
    <Filter Include="Level">
      <UniqueIdentifier>{cf2bc9db-4ccc-4e1f-bbf7-e727c9bcf171}</UniqueIdentifier>
    </Filter>
    <Filter Include="Level\PBR">
      <UniqueIdentifier>{0f193bb0-c288-4bca-b0b6-40670f009aaf}</UniqueIdentifier>
    </Filter>
    <Filter Include="Level\Test">
      <UniqueIdentifier>{77b4d3f1-3349-4b7b-ac67-cd1f05a726ea}</UniqueIdentifier>
    </Filter>
  </ItemGroup>
  <ItemGroup>
    <ClInclude Include="Client.h">
      <Filter>Default</Filter>
    </ClInclude>
    <ClInclude Include="framework.h">
      <Filter>Default</Filter>
    </ClInclude>
    <ClInclude Include="Resource.h">
      <Filter>Default</Filter>
    </ClInclude>
    <ClInclude Include="targetver.h">
      <Filter>Default</Filter>
    </ClInclude>
    <ClInclude Include="CCreatePBRLevel.h">
      <Filter>Level\PBR</Filter>
    </ClInclude>
    <ClInclude Include="CCreateTestLevel.h">
      <Filter>Level\Test</Filter>
    </ClInclude>
  </ItemGroup>
  <ItemGroup>
    <ResourceCompile Include="Client.rc">
      <Filter>리소스 파일</Filter>
    </ResourceCompile>
  </ItemGroup>
  <ItemGroup>
    <Image Include="small.ico">
      <Filter>리소스 파일</Filter>
    </Image>
    <Image Include="Client.ico">
      <Filter>리소스 파일</Filter>
    </Image>
  </ItemGroup>
  <ItemGroup>
    <ClCompile Include="main.cpp" />
    <ClCompile Include="CCreatePBRLevel.cpp">
      <Filter>Level\PBR</Filter>
    </ClCompile>
    <ClCompile Include="CCreateTestLevel.cpp">
      <Filter>Level\Test</Filter>
    </ClCompile>
  </ItemGroup>
</Project>